// !$*UTF8*$!
{
	archiveVersion = 1;
	classes = {
	};
	objectVersion = 56;
	objects = {

/* Begin PBXBuildFile section */
		006BFF281CE13CB5B2AA67E6 /* Book.swift in Sources */ = {isa = PBXBuildFile; fileRef = 67E7F15FCB23FBD77BC647C6 /* Book.swift */; };
		0F47113C8F5C5C3A9CDF9C42 /* KindleWallApp.swift in Sources */ = {isa = PBXBuildFile; fileRef = 67306A31618FE6581F9F81F4 /* KindleWallApp.swift */; };
		154FAA67B9134B920BB2E402 /* Database.swift in Sources */ = {isa = PBXBuildFile; fileRef = 126D2BED290D16D70E707B68 /* Database.swift */; };
		1BC1D3D6F9EAC14BCF73CE25 /* DisplayIdentityResolver.swift in Sources */ = {isa = PBXBuildFile; fileRef = 6A77E09E2976B60EEF5C5EB5 /* DisplayIdentityResolver.swift */; };
		25D3C340D5AC921E42BA887B /* DisplayIdentityResolver.swift in Sources */ = {isa = PBXBuildFile; fileRef = 6A77E09E2976B60EEF5C5EB5 /* DisplayIdentityResolver.swift */; };
		28774E1A69A7CBA9EC0CEADB /* SettingsView.swift in Sources */ = {isa = PBXBuildFile; fileRef = 9659821AC668F464106C9FC7 /* SettingsView.swift */; };
		2A06C8108E63F311407E724D /* DisplayTopologyCoordinator.swift in Sources */ = {isa = PBXBuildFile; fileRef = 2A5767AD8F86113DAE586BEF /* DisplayTopologyCoordinator.swift */; };
		3C90688C83BAF37B6B40D39A /* AppSupportPaths.swift in Sources */ = {isa = PBXBuildFile; fileRef = CCC30AE2587D563491B3028B /* AppSupportPaths.swift */; };
		48B28414D1A6E94259082B12 /* WallpaperTopologyRestorer.swift in Sources */ = {isa = PBXBuildFile; fileRef = 64F72B90BAD25CC8B74973DE /* WallpaperTopologyRestorer.swift */; };
		502DA8517C345512E26AA2A5 /* AppSupportPaths.swift in Sources */ = {isa = PBXBuildFile; fileRef = CCC30AE2587D563491B3028B /* AppSupportPaths.swift */; };
		5566F84E8A244324D414F144 /* WallpaperAssignmentStore.swift in Sources */ = {isa = PBXBuildFile; fileRef = 2FADE0DD24FB03285ADB7BCA /* WallpaperAssignmentStore.swift */; };
		5E43E849698E64EFC7CD56F9 /* ScheduleSettings.swift in Sources */ = {isa = PBXBuildFile; fileRef = E7722C3B4FB0A66E04C7BB28 /* ScheduleSettings.swift */; };
		60027E44266234588948DD69 /* WallpaperHistoryPruner.swift in Sources */ = {isa = PBXBuildFile; fileRef = 7FB92A2D20E93A6E58E8EB44 /* WallpaperHistoryPruner.swift */; };
		6174323980834111C7C77097 /* WallpaperScheduler.swift in Sources */ = {isa = PBXBuildFile; fileRef = FE978DC2E088D8352D1AB370 /* WallpaperScheduler.swift */; };
		630FD92E3719C965D0208253 /* Highlight.swift in Sources */ = {isa = PBXBuildFile; fileRef = 86F9EA5F3C2418D8AA0D9365 /* Highlight.swift */; };
		666CF5CCE2B724E090227D8B /* WallpaperSetter.swift in Sources */ = {isa = PBXBuildFile; fileRef = 5C88B20A7755CD6200EE4E3F /* WallpaperSetter.swift */; };
		6FDE593A8A8A6CA93220C98F /* AppState.swift in Sources */ = {isa = PBXBuildFile; fileRef = F30FF8ED41FBB6C774BCADD5 /* AppState.swift */; };
		7067D38042A1BC59897C1BAE /* BackgroundImageStore.swift in Sources */ = {isa = PBXBuildFile; fileRef = 766BDB43991580ED0548AE8A /* BackgroundImageStore.swift */; };
		86DEA4128C7AA27D22CA5442 /* MenuBarView.swift in Sources */ = {isa = PBXBuildFile; fileRef = C88BA03AB2C2B7841ADC4755 /* MenuBarView.swift */; };
		87138618E08366A3E73ED3D9 /* WallpaperAssignmentStore.swift in Sources */ = {isa = PBXBuildFile; fileRef = 2FADE0DD24FB03285ADB7BCA /* WallpaperAssignmentStore.swift */; };
		8CFDB5D51168C39C9A5EEBCD /* WallpaperSetter.swift in Sources */ = {isa = PBXBuildFile; fileRef = 5C88B20A7755CD6200EE4E3F /* WallpaperSetter.swift */; };
		AC5C41E9141FFA860C973256 /* DebouncedTaskScheduler.swift in Sources */ = {isa = PBXBuildFile; fileRef = 8B4A1FCB6ABBF2C9182D99CA /* DebouncedTaskScheduler.swift */; };
		AFEDDEADFB13BFA4F23F0FD5 /* DisplayTopologyCoordinator.swift in Sources */ = {isa = PBXBuildFile; fileRef = 2A5767AD8F86113DAE586BEF /* DisplayTopologyCoordinator.swift */; };
		B355BB125C0BFE9298F3C07C /* WallpaperGenerator.swift in Sources */ = {isa = PBXBuildFile; fileRef = 6E25B22876E6C4FDA140A324 /* WallpaperGenerator.swift */; };
		B91FD28C7AEC1D1726DD6E98 /* ScheduleSettings.swift in Sources */ = {isa = PBXBuildFile; fileRef = E7722C3B4FB0A66E04C7BB28 /* ScheduleSettings.swift */; };
		C06D7617B1725A8B722A3626 /* ClippingsParser.swift in Sources */ = {isa = PBXBuildFile; fileRef = 1D7702F347CAD3C65FDA7851 /* ClippingsParser.swift */; };
		C11C4AA58645E3A2602523DC /* VolumeWatcher.swift in Sources */ = {isa = PBXBuildFile; fileRef = 653DF17A62F70DE93E169341 /* VolumeWatcher.swift */; };
		C766CFBE668BE7E4CDF72C56 /* BackgroundImageLoader.swift in Sources */ = {isa = PBXBuildFile; fileRef = 4E0532262BD7F480B8D9EED8 /* BackgroundImageLoader.swift */; };
		CD18D1F637755F923A018CF5 /* BulkBookDeletionPlan.swift in Sources */ = {isa = PBXBuildFile; fileRef = 77303DBBAC7438E91F1A204E /* BulkBookDeletionPlan.swift */; };
		D6C797343A84594057ADD624 /* ImportCoordinator.swift in Sources */ = {isa = PBXBuildFile; fileRef = 5DF13C66AA67590AFF96E390 /* ImportCoordinator.swift */; };
		E3490F35A7ACB433674887C9 /* DedupeKeyBuilder.swift in Sources */ = {isa = PBXBuildFile; fileRef = 8A563B48FBC2B662891DFB65 /* DedupeKeyBuilder.swift */; };
		E5F5F90B0B24055F6FB0C414 /* WallpaperTopologyRestorer.swift in Sources */ = {isa = PBXBuildFile; fileRef = 64F72B90BAD25CC8B74973DE /* WallpaperTopologyRestorer.swift */; };
		E9181E2AB7C4C596E1EAD8AD /* GRDB in Frameworks */ = {isa = PBXBuildFile; productRef = 9551A09A2327039A1281BEA5 /* GRDB */; };
		FF4C50C3E74D15F7E4380054 /* DisplayHelperApp.swift in Sources */ = {isa = PBXBuildFile; fileRef = F34813885EBA019C840EE522 /* DisplayHelperApp.swift */; };
/* End PBXBuildFile section */

/* Begin PBXContainerItemProxy section */
		662FE92E4EB93CE9B8469606 /* PBXContainerItemProxy */ = {
			isa = PBXContainerItemProxy;
			containerPortal = D4F779AA0A26DE43440ECF4E /* Project object */;
			proxyType = 1;
			remoteGlobalIDString = 1005666C5ED1AD9117B4B0E8;
			remoteInfo = DisplayHelper;
		};
/* End PBXContainerItemProxy section */

/* Begin PBXFileReference section */
		126D2BED290D16D70E707B68 /* Database.swift */ = {isa = PBXFileReference; lastKnownFileType = sourcecode.swift; path = Database.swift; sourceTree = "<group>"; };
		1D7702F347CAD3C65FDA7851 /* ClippingsParser.swift */ = {isa = PBXFileReference; lastKnownFileType = sourcecode.swift; path = ClippingsParser.swift; sourceTree = "<group>"; };
		2A5767AD8F86113DAE586BEF /* DisplayTopologyCoordinator.swift */ = {isa = PBXFileReference; lastKnownFileType = sourcecode.swift; path = DisplayTopologyCoordinator.swift; sourceTree = "<group>"; };
		2FADE0DD24FB03285ADB7BCA /* WallpaperAssignmentStore.swift */ = {isa = PBXFileReference; lastKnownFileType = sourcecode.swift; path = WallpaperAssignmentStore.swift; sourceTree = "<group>"; };
		4E0532262BD7F480B8D9EED8 /* BackgroundImageLoader.swift */ = {isa = PBXFileReference; lastKnownFileType = sourcecode.swift; path = BackgroundImageLoader.swift; sourceTree = "<group>"; };
		5C88B20A7755CD6200EE4E3F /* WallpaperSetter.swift */ = {isa = PBXFileReference; lastKnownFileType = sourcecode.swift; path = WallpaperSetter.swift; sourceTree = "<group>"; };
		5DF13C66AA67590AFF96E390 /* ImportCoordinator.swift */ = {isa = PBXFileReference; lastKnownFileType = sourcecode.swift; path = ImportCoordinator.swift; sourceTree = "<group>"; };
		64F72B90BAD25CC8B74973DE /* WallpaperTopologyRestorer.swift */ = {isa = PBXFileReference; lastKnownFileType = sourcecode.swift; path = WallpaperTopologyRestorer.swift; sourceTree = "<group>"; };
		653DF17A62F70DE93E169341 /* VolumeWatcher.swift */ = {isa = PBXFileReference; lastKnownFileType = sourcecode.swift; path = VolumeWatcher.swift; sourceTree = "<group>"; };
		67306A31618FE6581F9F81F4 /* KindleWallApp.swift */ = {isa = PBXFileReference; lastKnownFileType = sourcecode.swift; path = KindleWallApp.swift; sourceTree = "<group>"; };
		67E7F15FCB23FBD77BC647C6 /* Book.swift */ = {isa = PBXFileReference; lastKnownFileType = sourcecode.swift; path = Book.swift; sourceTree = "<group>"; };
		6A77E09E2976B60EEF5C5EB5 /* DisplayIdentityResolver.swift */ = {isa = PBXFileReference; lastKnownFileType = sourcecode.swift; path = DisplayIdentityResolver.swift; sourceTree = "<group>"; };
		6E25B22876E6C4FDA140A324 /* WallpaperGenerator.swift */ = {isa = PBXFileReference; lastKnownFileType = sourcecode.swift; path = WallpaperGenerator.swift; sourceTree = "<group>"; };
		766BDB43991580ED0548AE8A /* BackgroundImageStore.swift */ = {isa = PBXFileReference; lastKnownFileType = sourcecode.swift; path = BackgroundImageStore.swift; sourceTree = "<group>"; };
		77303DBBAC7438E91F1A204E /* BulkBookDeletionPlan.swift */ = {isa = PBXFileReference; lastKnownFileType = sourcecode.swift; path = BulkBookDeletionPlan.swift; sourceTree = "<group>"; };
		7AAC474AAFAE0B81E2855524 /* Info.plist */ = {isa = PBXFileReference; lastKnownFileType = text.plist; path = Info.plist; sourceTree = "<group>"; };
		7FB92A2D20E93A6E58E8EB44 /* WallpaperHistoryPruner.swift */ = {isa = PBXFileReference; lastKnownFileType = sourcecode.swift; path = WallpaperHistoryPruner.swift; sourceTree = "<group>"; };
		811E26389F17F084542DAAF7 /* KindleWall.app */ = {isa = PBXFileReference; explicitFileType = wrapper.application; includeInIndex = 0; path = KindleWall.app; sourceTree = BUILT_PRODUCTS_DIR; };
		86F9EA5F3C2418D8AA0D9365 /* Highlight.swift */ = {isa = PBXFileReference; lastKnownFileType = sourcecode.swift; path = Highlight.swift; sourceTree = "<group>"; };
		8A563B48FBC2B662891DFB65 /* DedupeKeyBuilder.swift */ = {isa = PBXFileReference; lastKnownFileType = sourcecode.swift; path = DedupeKeyBuilder.swift; sourceTree = "<group>"; };
		8B4A1FCB6ABBF2C9182D99CA /* DebouncedTaskScheduler.swift */ = {isa = PBXFileReference; lastKnownFileType = sourcecode.swift; path = DebouncedTaskScheduler.swift; sourceTree = "<group>"; };
		931DFDD6D12D8887EA968760 /* Info.plist */ = {isa = PBXFileReference; lastKnownFileType = text.plist; path = Info.plist; sourceTree = "<group>"; };
		9659821AC668F464106C9FC7 /* SettingsView.swift */ = {isa = PBXFileReference; lastKnownFileType = sourcecode.swift; path = SettingsView.swift; sourceTree = "<group>"; };
		C88BA03AB2C2B7841ADC4755 /* MenuBarView.swift */ = {isa = PBXFileReference; lastKnownFileType = sourcecode.swift; path = MenuBarView.swift; sourceTree = "<group>"; };
		CCC30AE2587D563491B3028B /* AppSupportPaths.swift */ = {isa = PBXFileReference; lastKnownFileType = sourcecode.swift; path = AppSupportPaths.swift; sourceTree = "<group>"; };
		E7722C3B4FB0A66E04C7BB28 /* ScheduleSettings.swift */ = {isa = PBXFileReference; lastKnownFileType = sourcecode.swift; path = ScheduleSettings.swift; sourceTree = "<group>"; };
		F30FF8ED41FBB6C774BCADD5 /* AppState.swift */ = {isa = PBXFileReference; lastKnownFileType = sourcecode.swift; path = AppState.swift; sourceTree = "<group>"; };
		F34813885EBA019C840EE522 /* DisplayHelperApp.swift */ = {isa = PBXFileReference; lastKnownFileType = sourcecode.swift; path = DisplayHelperApp.swift; sourceTree = "<group>"; };
		F54F09281BB5A7F45138D7C0 /* DisplayHelper.app */ = {isa = PBXFileReference; explicitFileType = wrapper.application; includeInIndex = 0; path = DisplayHelper.app; sourceTree = BUILT_PRODUCTS_DIR; };
		FE978DC2E088D8352D1AB370 /* WallpaperScheduler.swift */ = {isa = PBXFileReference; lastKnownFileType = sourcecode.swift; path = WallpaperScheduler.swift; sourceTree = "<group>"; };
/* End PBXFileReference section */

/* Begin PBXFrameworksBuildPhase section */
		E22ABD819961EAE14CB180F9 /* Frameworks */ = {
			isa = PBXFrameworksBuildPhase;
			buildActionMask = 2147483647;
			files = (
				E9181E2AB7C4C596E1EAD8AD /* GRDB in Frameworks */,
			);
			runOnlyForDeploymentPostprocessing = 0;
		};
/* End PBXFrameworksBuildPhase section */

/* Begin PBXGroup section */
		031DE6FED8A853242735DC25 /* Parsing */ = {
			isa = PBXGroup;
			children = (
				1D7702F347CAD3C65FDA7851 /* ClippingsParser.swift */,
			);
			path = Parsing;
			sourceTree = "<group>";
		};
		2C2B7B77EDAA73932A89F526 = {
			isa = PBXGroup;
			children = (
				34D11B167C7ACAEF878BFE92 /* App */,
				4A3DD1B74F9E7C444D3974DC /* DisplayHelper */,
				45C42DCDDC36FFEB4D2F707D /* Models */,
				031DE6FED8A853242735DC25 /* Parsing */,
				D079063320403131A75753EC /* Products */,
			);
			sourceTree = "<group>";
		};
		34D11B167C7ACAEF878BFE92 /* App */ = {
			isa = PBXGroup;
			children = (
				F30FF8ED41FBB6C774BCADD5 /* AppState.swift */,
				CCC30AE2587D563491B3028B /* AppSupportPaths.swift */,
				4E0532262BD7F480B8D9EED8 /* BackgroundImageLoader.swift */,
				766BDB43991580ED0548AE8A /* BackgroundImageStore.swift */,
				126D2BED290D16D70E707B68 /* Database.swift */,
				8B4A1FCB6ABBF2C9182D99CA /* DebouncedTaskScheduler.swift */,
				6A77E09E2976B60EEF5C5EB5 /* DisplayIdentityResolver.swift */,
				2A5767AD8F86113DAE586BEF /* DisplayTopologyCoordinator.swift */,
				5DF13C66AA67590AFF96E390 /* ImportCoordinator.swift */,
				931DFDD6D12D8887EA968760 /* Info.plist */,
				67306A31618FE6581F9F81F4 /* KindleWallApp.swift */,
				C88BA03AB2C2B7841ADC4755 /* MenuBarView.swift */,
				E7722C3B4FB0A66E04C7BB28 /* ScheduleSettings.swift */,
				9659821AC668F464106C9FC7 /* SettingsView.swift */,
				653DF17A62F70DE93E169341 /* VolumeWatcher.swift */,
				2FADE0DD24FB03285ADB7BCA /* WallpaperAssignmentStore.swift */,
				6E25B22876E6C4FDA140A324 /* WallpaperGenerator.swift */,
				7FB92A2D20E93A6E58E8EB44 /* WallpaperHistoryPruner.swift */,
				FE978DC2E088D8352D1AB370 /* WallpaperScheduler.swift */,
				5C88B20A7755CD6200EE4E3F /* WallpaperSetter.swift */,
				64F72B90BAD25CC8B74973DE /* WallpaperTopologyRestorer.swift */,
			);
			path = App;
			sourceTree = "<group>";
		};
		45C42DCDDC36FFEB4D2F707D /* Models */ = {
			isa = PBXGroup;
			children = (
				67E7F15FCB23FBD77BC647C6 /* Book.swift */,
				77303DBBAC7438E91F1A204E /* BulkBookDeletionPlan.swift */,
				8A563B48FBC2B662891DFB65 /* DedupeKeyBuilder.swift */,
				86F9EA5F3C2418D8AA0D9365 /* Highlight.swift */,
			);
			path = Models;
			sourceTree = "<group>";
		};
		4A3DD1B74F9E7C444D3974DC /* DisplayHelper */ = {
			isa = PBXGroup;
			children = (
				F34813885EBA019C840EE522 /* DisplayHelperApp.swift */,
				7AAC474AAFAE0B81E2855524 /* Info.plist */,
			);
			path = DisplayHelper;
			sourceTree = "<group>";
		};
		D079063320403131A75753EC /* Products */ = {
			isa = PBXGroup;
			children = (
				F54F09281BB5A7F45138D7C0 /* DisplayHelper.app */,
				811E26389F17F084542DAAF7 /* KindleWall.app */,
			);
			name = Products;
			sourceTree = "<group>";
		};
/* End PBXGroup section */

/* Begin PBXNativeTarget section */
		1005666C5ED1AD9117B4B0E8 /* DisplayHelper */ = {
			isa = PBXNativeTarget;
			buildConfigurationList = ABEF6AFF7E844D1841D87D00 /* Build configuration list for PBXNativeTarget "DisplayHelper" */;
			buildPhases = (
				87A5F45AE89F78858A779F30 /* Sources */,
			);
			buildRules = (
			);
			dependencies = (
			);
			name = DisplayHelper;
			packageProductDependencies = (
			);
			productName = DisplayHelper;
			productReference = F54F09281BB5A7F45138D7C0 /* DisplayHelper.app */;
			productType = "com.apple.product-type.application";
		};
		D9B056B258DD0ADC060E0F5A /* KindleWall */ = {
			isa = PBXNativeTarget;
			buildConfigurationList = 943AF8627BA52137C9884D7A /* Build configuration list for PBXNativeTarget "KindleWall" */;
			buildPhases = (
				FB500375C2412AA6AF2AD9F6 /* Sources */,
				E22ABD819961EAE14CB180F9 /* Frameworks */,
				E2B4360A1957EA1649055BE3 /* Embed DisplayHelper Login Item */,
			);
			buildRules = (
			);
			dependencies = (
				35D71C02B87030A4BF0BC01F /* PBXTargetDependency */,
			);
			name = KindleWall;
			packageProductDependencies = (
				9551A09A2327039A1281BEA5 /* GRDB */,
			);
			productName = KindleWall;
			productReference = 811E26389F17F084542DAAF7 /* KindleWall.app */;
			productType = "com.apple.product-type.application";
		};
/* End PBXNativeTarget section */

/* Begin PBXProject section */
		D4F779AA0A26DE43440ECF4E /* Project object */ = {
			isa = PBXProject;
			attributes = {
				BuildIndependentTargetsInParallel = YES;
				LastUpgradeCheck = 1540;
				TargetAttributes = {
					1005666C5ED1AD9117B4B0E8 = {
						DevelopmentTeam = "";
					};
					D9B056B258DD0ADC060E0F5A = {
						DevelopmentTeam = "";
					};
				};
			};
			buildConfigurationList = D1C2A6ADC886326D1DE3E5F0 /* Build configuration list for PBXProject "KindleWall" */;
			compatibilityVersion = "Xcode 14.0";
			developmentRegion = en;
			hasScannedForEncodings = 0;
			knownRegions = (
				Base,
				en,
			);
			mainGroup = 2C2B7B77EDAA73932A89F526;
			minimizedProjectReferenceProxies = 1;
			packageReferences = (
				242A27530829ABA727C8DB72 /* XCRemoteSwiftPackageReference "GRDB.swift" */,
			);
			preferredProjectObjectVersion = 77;
			projectDirPath = "";
			projectRoot = "";
			targets = (
				1005666C5ED1AD9117B4B0E8 /* DisplayHelper */,
				D9B056B258DD0ADC060E0F5A /* KindleWall */,
			);
		};
/* End PBXProject section */

/* Begin PBXShellScriptBuildPhase section */
		E2B4360A1957EA1649055BE3 /* Embed DisplayHelper Login Item */ = {
			isa = PBXShellScriptBuildPhase;
			buildActionMask = 2147483647;
			files = (
			);
			inputFileListPaths = (
			);
			inputPaths = (
			);
			name = "Embed DisplayHelper Login Item";
			outputFileListPaths = (
			);
			outputPaths = (
			);
			runOnlyForDeploymentPostprocessing = 0;
			shellPath = /bin/sh;
			shellScript = "set -euo pipefail\nLOGIN_ITEMS_DIR=\"$TARGET_BUILD_DIR/$CONTENTS_FOLDER_PATH/Library/LoginItems\"\nmkdir -p \"$LOGIN_ITEMS_DIR\"\nditto \"$BUILT_PRODUCTS_DIR/DisplayHelper.app\" \"$LOGIN_ITEMS_DIR/DisplayHelper.app\"\n";
		};
/* End PBXShellScriptBuildPhase section */

/* Begin PBXSourcesBuildPhase section */
		87A5F45AE89F78858A779F30 /* Sources */ = {
			isa = PBXSourcesBuildPhase;
			buildActionMask = 2147483647;
			files = (
				3C90688C83BAF37B6B40D39A /* AppSupportPaths.swift in Sources */,
				FF4C50C3E74D15F7E4380054 /* DisplayHelperApp.swift in Sources */,
				25D3C340D5AC921E42BA887B /* DisplayIdentityResolver.swift in Sources */,
				2A06C8108E63F311407E724D /* DisplayTopologyCoordinator.swift in Sources */,
				5E43E849698E64EFC7CD56F9 /* ScheduleSettings.swift in Sources */,
				5566F84E8A244324D414F144 /* WallpaperAssignmentStore.swift in Sources */,
				666CF5CCE2B724E090227D8B /* WallpaperSetter.swift in Sources */,
				E5F5F90B0B24055F6FB0C414 /* WallpaperTopologyRestorer.swift in Sources */,
			);
			runOnlyForDeploymentPostprocessing = 0;
		};
		FB500375C2412AA6AF2AD9F6 /* Sources */ = {
			isa = PBXSourcesBuildPhase;
			buildActionMask = 2147483647;
			files = (
				6FDE593A8A8A6CA93220C98F /* AppState.swift in Sources */,
				502DA8517C345512E26AA2A5 /* AppSupportPaths.swift in Sources */,
				C766CFBE668BE7E4CDF72C56 /* BackgroundImageLoader.swift in Sources */,
				7067D38042A1BC59897C1BAE /* BackgroundImageStore.swift in Sources */,
				006BFF281CE13CB5B2AA67E6 /* Book.swift in Sources */,
				CD18D1F637755F923A018CF5 /* BulkBookDeletionPlan.swift in Sources */,
				C06D7617B1725A8B722A3626 /* ClippingsParser.swift in Sources */,
				154FAA67B9134B920BB2E402 /* Database.swift in Sources */,
				AC5C41E9141FFA860C973256 /* DebouncedTaskScheduler.swift in Sources */,
				E3490F35A7ACB433674887C9 /* DedupeKeyBuilder.swift in Sources */,
				1BC1D3D6F9EAC14BCF73CE25 /* DisplayIdentityResolver.swift in Sources */,
				AFEDDEADFB13BFA4F23F0FD5 /* DisplayTopologyCoordinator.swift in Sources */,
				630FD92E3719C965D0208253 /* Highlight.swift in Sources */,
				D6C797343A84594057ADD624 /* ImportCoordinator.swift in Sources */,
				0F47113C8F5C5C3A9CDF9C42 /* KindleWallApp.swift in Sources */,
				86DEA4128C7AA27D22CA5442 /* MenuBarView.swift in Sources */,
				B91FD28C7AEC1D1726DD6E98 /* ScheduleSettings.swift in Sources */,
				28774E1A69A7CBA9EC0CEADB /* SettingsView.swift in Sources */,
				C11C4AA58645E3A2602523DC /* VolumeWatcher.swift in Sources */,
				87138618E08366A3E73ED3D9 /* WallpaperAssignmentStore.swift in Sources */,
				B355BB125C0BFE9298F3C07C /* WallpaperGenerator.swift in Sources */,
				60027E44266234588948DD69 /* WallpaperHistoryPruner.swift in Sources */,
				6174323980834111C7C77097 /* WallpaperScheduler.swift in Sources */,
				8CFDB5D51168C39C9A5EEBCD /* WallpaperSetter.swift in Sources */,
				48B28414D1A6E94259082B12 /* WallpaperTopologyRestorer.swift in Sources */,
			);
			runOnlyForDeploymentPostprocessing = 0;
		};
/* End PBXSourcesBuildPhase section */

/* Begin PBXTargetDependency section */
		35D71C02B87030A4BF0BC01F /* PBXTargetDependency */ = {
			isa = PBXTargetDependency;
			target = 1005666C5ED1AD9117B4B0E8 /* DisplayHelper */;
			targetProxy = 662FE92E4EB93CE9B8469606 /* PBXContainerItemProxy */;
		};
/* End PBXTargetDependency section */

/* Begin XCBuildConfiguration section */
		389E63A144A150EBAD54A3A8 /* Debug */ = {
			isa = XCBuildConfiguration;
			buildSettings = {
				ASSETCATALOG_COMPILER_APPICON_NAME = AppIcon;
				COMBINE_HIDPI_IMAGES = YES;
				GENERATE_INFOPLIST_FILE = NO;
				INFOPLIST_FILE = DisplayHelper/Info.plist;
				LD_RUNPATH_SEARCH_PATHS = (
					"$(inherited)",
					"@executable_path/../Frameworks",
				);
				MACOSX_DEPLOYMENT_TARGET = 13.0;
				OTHER_SWIFT_FLAGS = "$(inherited) -D DISPLAY_HELPER";
				PRODUCT_BUNDLE_IDENTIFIER = com.marcuslo.KindleWall.DisplayHelper;
				PRODUCT_NAME = DisplayHelper;
				SDKROOT = macosx;
			};
			name = Debug;
		};
		39803563D0F2163C27784E9B /* Release */ = {
			isa = XCBuildConfiguration;
			buildSettings = {
				ASSETCATALOG_COMPILER_APPICON_NAME = AppIcon;
				COMBINE_HIDPI_IMAGES = YES;
				GENERATE_INFOPLIST_FILE = NO;
				INFOPLIST_FILE = DisplayHelper/Info.plist;
				LD_RUNPATH_SEARCH_PATHS = (
					"$(inherited)",
					"@executable_path/../Frameworks",
				);
				MACOSX_DEPLOYMENT_TARGET = 13.0;
				OTHER_SWIFT_FLAGS = "$(inherited) -D DISPLAY_HELPER";
				PRODUCT_BUNDLE_IDENTIFIER = com.marcuslo.KindleWall.DisplayHelper;
				PRODUCT_NAME = DisplayHelper;
				SDKROOT = macosx;
			};
			name = Release;
		};
		63DF216E94B2552D09B05C47 /* Debug */ = {
			isa = XCBuildConfiguration;
			buildSettings = {
				ALWAYS_SEARCH_USER_PATHS = NO;
				CLANG_ANALYZER_NONNULL = YES;
				CLANG_ANALYZER_NUMBER_OBJECT_CONVERSION = YES_AGGRESSIVE;
				CLANG_CXX_LANGUAGE_STANDARD = "gnu++14";
				CLANG_CXX_LIBRARY = "libc++";
				CLANG_ENABLE_MODULES = YES;
				CLANG_ENABLE_OBJC_ARC = YES;
				CLANG_ENABLE_OBJC_WEAK = YES;
				CLANG_WARN_BLOCK_CAPTURE_AUTORELEASING = YES;
				CLANG_WARN_BOOL_CONVERSION = YES;
				CLANG_WARN_COMMA = YES;
				CLANG_WARN_CONSTANT_CONVERSION = YES;
				CLANG_WARN_DEPRECATED_OBJC_IMPLEMENTATIONS = YES;
				CLANG_WARN_DIRECT_OBJC_ISA_USAGE = YES_ERROR;
				CLANG_WARN_DOCUMENTATION_COMMENTS = YES;
				CLANG_WARN_EMPTY_BODY = YES;
				CLANG_WARN_ENUM_CONVERSION = YES;
				CLANG_WARN_INFINITE_RECURSION = YES;
				CLANG_WARN_INT_CONVERSION = YES;
				CLANG_WARN_NON_LITERAL_NULL_CONVERSION = YES;
				CLANG_WARN_OBJC_IMPLICIT_RETAIN_SELF = YES;
				CLANG_WARN_OBJC_LITERAL_CONVERSION = YES;
				CLANG_WARN_OBJC_ROOT_CLASS = YES_ERROR;
				CLANG_WARN_QUOTED_INCLUDE_IN_FRAMEWORK_HEADER = YES;
				CLANG_WARN_RANGE_LOOP_ANALYSIS = YES;
				CLANG_WARN_STRICT_PROTOTYPES = YES;
				CLANG_WARN_SUSPICIOUS_MOVE = YES;
				CLANG_WARN_UNGUARDED_AVAILABILITY = YES_AGGRESSIVE;
				CLANG_WARN_UNREACHABLE_CODE = YES;
				CLANG_WARN__DUPLICATE_METHOD_MATCH = YES;
				COPY_PHASE_STRIP = NO;
				DEBUG_INFORMATION_FORMAT = dwarf;
				DEVELOPMENT_TEAM = "";
				ENABLE_STRICT_OBJC_MSGSEND = YES;
				ENABLE_TESTABILITY = YES;
				GCC_C_LANGUAGE_STANDARD = gnu11;
				GCC_DYNAMIC_NO_PIC = NO;
				GCC_NO_COMMON_BLOCKS = YES;
				GCC_OPTIMIZATION_LEVEL = 0;
				GCC_PREPROCESSOR_DEFINITIONS = (
					"$(inherited)",
					"DEBUG=1",
				);
				GCC_WARN_64_TO_32_BIT_CONVERSION = YES;
				GCC_WARN_ABOUT_RETURN_TYPE = YES_ERROR;
				GCC_WARN_UNDECLARED_SELECTOR = YES;
				GCC_WARN_UNINITIALIZED_AUTOS = YES_AGGRESSIVE;
				GCC_WARN_UNUSED_FUNCTION = YES;
				GCC_WARN_UNUSED_VARIABLE = YES;
				MACOSX_DEPLOYMENT_TARGET = 13.0;
				MTL_ENABLE_DEBUG_INFO = INCLUDE_SOURCE;
				MTL_FAST_MATH = YES;
				ONLY_ACTIVE_ARCH = YES;
				PRODUCT_NAME = "$(TARGET_NAME)";
				SDKROOT = macosx;
				SWIFT_ACTIVE_COMPILATION_CONDITIONS = DEBUG;
				SWIFT_OPTIMIZATION_LEVEL = "-Onone";
				SWIFT_VERSION = 5.0;
			};
			name = Debug;
		};
		BCE89F25068DB8C2C14F2864 /* Debug */ = {
			isa = XCBuildConfiguration;
			buildSettings = {
				ASSETCATALOG_COMPILER_APPICON_NAME = AppIcon;
				COMBINE_HIDPI_IMAGES = YES;
				GENERATE_INFOPLIST_FILE = NO;
				INFOPLIST_FILE = App/Info.plist;
				LD_RUNPATH_SEARCH_PATHS = (
					"$(inherited)",
					"@executable_path/../Frameworks",
				);
				MACOSX_DEPLOYMENT_TARGET = 13.0;
				PRODUCT_BUNDLE_IDENTIFIER = com.marcuslo.KindleWall;
				PRODUCT_NAME = KindleWall;
				SDKROOT = macosx;
			};
			name = Debug;
		};
		C66DA4E92F11D2D59E0FE2F6 /* Release */ = {
			isa = XCBuildConfiguration;
			buildSettings = {
				ALWAYS_SEARCH_USER_PATHS = NO;
				CLANG_ANALYZER_NONNULL = YES;
				CLANG_ANALYZER_NUMBER_OBJECT_CONVERSION = YES_AGGRESSIVE;
				CLANG_CXX_LANGUAGE_STANDARD = "gnu++14";
				CLANG_CXX_LIBRARY = "libc++";
				CLANG_ENABLE_MODULES = YES;
				CLANG_ENABLE_OBJC_ARC = YES;
				CLANG_ENABLE_OBJC_WEAK = YES;
				CLANG_WARN_BLOCK_CAPTURE_AUTORELEASING = YES;
				CLANG_WARN_BOOL_CONVERSION = YES;
				CLANG_WARN_COMMA = YES;
				CLANG_WARN_CONSTANT_CONVERSION = YES;
				CLANG_WARN_DEPRECATED_OBJC_IMPLEMENTATIONS = YES;
				CLANG_WARN_DIRECT_OBJC_ISA_USAGE = YES_ERROR;
				CLANG_WARN_DOCUMENTATION_COMMENTS = YES;
				CLANG_WARN_EMPTY_BODY = YES;
				CLANG_WARN_ENUM_CONVERSION = YES;
				CLANG_WARN_INFINITE_RECURSION = YES;
				CLANG_WARN_INT_CONVERSION = YES;
				CLANG_WARN_NON_LITERAL_NULL_CONVERSION = YES;
				CLANG_WARN_OBJC_IMPLICIT_RETAIN_SELF = YES;
				CLANG_WARN_OBJC_LITERAL_CONVERSION = YES;
				CLANG_WARN_OBJC_ROOT_CLASS = YES_ERROR;
				CLANG_WARN_QUOTED_INCLUDE_IN_FRAMEWORK_HEADER = YES;
				CLANG_WARN_RANGE_LOOP_ANALYSIS = YES;
				CLANG_WARN_STRICT_PROTOTYPES = YES;
				CLANG_WARN_SUSPICIOUS_MOVE = YES;
				CLANG_WARN_UNGUARDED_AVAILABILITY = YES_AGGRESSIVE;
				CLANG_WARN_UNREACHABLE_CODE = YES;
				CLANG_WARN__DUPLICATE_METHOD_MATCH = YES;
				COPY_PHASE_STRIP = NO;
				DEBUG_INFORMATION_FORMAT = "dwarf-with-dsym";
				DEVELOPMENT_TEAM = "";
				ENABLE_NS_ASSERTIONS = NO;
				ENABLE_STRICT_OBJC_MSGSEND = YES;
				GCC_C_LANGUAGE_STANDARD = gnu11;
				GCC_NO_COMMON_BLOCKS = YES;
				GCC_WARN_64_TO_32_BIT_CONVERSION = YES;
				GCC_WARN_ABOUT_RETURN_TYPE = YES_ERROR;
				GCC_WARN_UNDECLARED_SELECTOR = YES;
				GCC_WARN_UNINITIALIZED_AUTOS = YES_AGGRESSIVE;
				GCC_WARN_UNUSED_FUNCTION = YES;
				GCC_WARN_UNUSED_VARIABLE = YES;
				MACOSX_DEPLOYMENT_TARGET = 13.0;
				MTL_ENABLE_DEBUG_INFO = NO;
				MTL_FAST_MATH = YES;
				PRODUCT_NAME = "$(TARGET_NAME)";
				SDKROOT = macosx;
				SWIFT_COMPILATION_MODE = wholemodule;
				SWIFT_OPTIMIZATION_LEVEL = "-O";
				SWIFT_VERSION = 5.0;
			};
			name = Release;
		};
		DE53D1C2FBBEE10B71DE6803 /* Release */ = {
			isa = XCBuildConfiguration;
			buildSettings = {
				ASSETCATALOG_COMPILER_APPICON_NAME = AppIcon;
				COMBINE_HIDPI_IMAGES = YES;
				GENERATE_INFOPLIST_FILE = NO;
				INFOPLIST_FILE = App/Info.plist;
				LD_RUNPATH_SEARCH_PATHS = (
					"$(inherited)",
					"@executable_path/../Frameworks",
				);
				MACOSX_DEPLOYMENT_TARGET = 13.0;
				PRODUCT_BUNDLE_IDENTIFIER = com.marcuslo.KindleWall;
				PRODUCT_NAME = KindleWall;
				SDKROOT = macosx;
			};
			name = Release;
		};
/* End XCBuildConfiguration section */

/* Begin XCConfigurationList section */
		943AF8627BA52137C9884D7A /* Build configuration list for PBXNativeTarget "KindleWall" */ = {
			isa = XCConfigurationList;
			buildConfigurations = (
				BCE89F25068DB8C2C14F2864 /* Debug */,
				DE53D1C2FBBEE10B71DE6803 /* Release */,
			);
			defaultConfigurationIsVisible = 0;
			defaultConfigurationName = Debug;
		};
		ABEF6AFF7E844D1841D87D00 /* Build configuration list for PBXNativeTarget "DisplayHelper" */ = {
			isa = XCConfigurationList;
			buildConfigurations = (
				389E63A144A150EBAD54A3A8 /* Debug */,
				39803563D0F2163C27784E9B /* Release */,
			);
			defaultConfigurationIsVisible = 0;
			defaultConfigurationName = Debug;
		};
		D1C2A6ADC886326D1DE3E5F0 /* Build configuration list for PBXProject "KindleWall" */ = {
			isa = XCConfigurationList;
			buildConfigurations = (
				63DF216E94B2552D09B05C47 /* Debug */,
				C66DA4E92F11D2D59E0FE2F6 /* Release */,
			);
			defaultConfigurationIsVisible = 0;
			defaultConfigurationName = Debug;
		};
/* End XCConfigurationList section */

/* Begin XCRemoteSwiftPackageReference section */
		242A27530829ABA727C8DB72 /* XCRemoteSwiftPackageReference "GRDB.swift" */ = {
			isa = XCRemoteSwiftPackageReference;
			repositoryURL = "https://github.com/groue/GRDB.swift.git";
			requirement = {
				kind = upToNextMajorVersion;
				minimumVersion = 6.0.0;
			};
		};
/* End XCRemoteSwiftPackageReference section */

/* Begin XCSwiftPackageProductDependency section */
		9551A09A2327039A1281BEA5 /* GRDB */ = {
			isa = XCSwiftPackageProductDependency;
			package = 242A27530829ABA727C8DB72 /* XCRemoteSwiftPackageReference "GRDB.swift" */;
			productName = GRDB;
		};
/* End XCSwiftPackageProductDependency section */
	};
	rootObject = D4F779AA0A26DE43440ECF4E /* Project object */;
}
