// !$*UTF8*$!
{
	archiveVersion = 1;
	classes = {
	};
	objectVersion = 56;
	objects = {

/* Begin PBXBuildFile section */
		006BFF281CE13CB5B2AA67E6 /* Book.swift in Sources */ = {isa = PBXBuildFile; fileRef = 67E7F15FCB23FBD77BC647C6 /* Book.swift */; };
		0F47113C8F5C5C3A9CDF9C42 /* KindleWallApp.swift in Sources */ = {isa = PBXBuildFile; fileRef = 67306A31618FE6581F9F81F4 /* KindleWallApp.swift */; };
		154FAA67B9134B920BB2E402 /* Database.swift in Sources */ = {isa = PBXBuildFile; fileRef = 126D2BED290D16D70E707B68 /* Database.swift */; };
		28774E1A69A7CBA9EC0CEADB /* SettingsView.swift in Sources */ = {isa = PBXBuildFile; fileRef = 9659821AC668F464106C9FC7 /* SettingsView.swift */; };
		502DA8517C345512E26AA2A5 /* AppSupportPaths.swift in Sources */ = {isa = PBXBuildFile; fileRef = CCC30AE2587D563491B3028B /* AppSupportPaths.swift */; };
		5B8D8077D1544147A2C44872 /* DisplayTopologyCoordinator.swift in Sources */ = {isa = PBXBuildFile; fileRef = 21B8E3445F2F4E809A769813 /* DisplayTopologyCoordinator.swift */; };
		B2C3D4E5F60718293A4B5C6D /* BackgroundImageLoader.swift in Sources */ = {isa = PBXBuildFile; fileRef = A1B2C3D4E5F60718293A4B5C /* BackgroundImageLoader.swift */; };
		6174323980834111C7C77097 /* WallpaperScheduler.swift in Sources */ = {isa = PBXBuildFile; fileRef = FE978DC2E088D8352D1AB370 /* WallpaperScheduler.swift */; };
		630FD92E3719C965D0208253 /* Highlight.swift in Sources */ = {isa = PBXBuildFile; fileRef = 86F9EA5F3C2418D8AA0D9365 /* Highlight.swift */; };
		6FDE593A8A8A6CA93220C98F /* AppState.swift in Sources */ = {isa = PBXBuildFile; fileRef = F30FF8ED41FBB6C774BCADD5 /* AppState.swift */; };
		7E5D604A95B044E9BA3BC622 /* DisplayIdentityResolver.swift in Sources */ = {isa = PBXBuildFile; fileRef = 6B95F3F7592604E8603231A7 /* DisplayIdentityResolver.swift */; };
		7067D38042A1BC59897C1BAE /* BackgroundImageStore.swift in Sources */ = {isa = PBXBuildFile; fileRef = 766BDB43991580ED0548AE8A /* BackgroundImageStore.swift */; };
		86DEA4128C7AA27D22CA5442 /* MenuBarView.swift in Sources */ = {isa = PBXBuildFile; fileRef = C88BA03AB2C2B7841ADC4755 /* MenuBarView.swift */; };
		8CFDB5D51168C39C9A5EEBCD /* WallpaperSetter.swift in Sources */ = {isa = PBXBuildFile; fileRef = 5C88B20A7755CD6200EE4E3F /* WallpaperSetter.swift */; };
		B355BB125C0BFE9298F3C07C /* WallpaperGenerator.swift in Sources */ = {isa = PBXBuildFile; fileRef = 6E25B22876E6C4FDA140A324 /* WallpaperGenerator.swift */; };
		B91FD28C7AEC1D1726DD6E98 /* ScheduleSettings.swift in Sources */ = {isa = PBXBuildFile; fileRef = E7722C3B4FB0A66E04C7BB28 /* ScheduleSettings.swift */; };
		C4A63C367F7F45A8B7C1E9A4 /* WallpaperHistoryPruner.swift in Sources */ = {isa = PBXBuildFile; fileRef = C8CF98599C7E4756A3DCC1D9 /* WallpaperHistoryPruner.swift */; };
		C06D7617B1725A8B722A3626 /* ClippingsParser.swift in Sources */ = {isa = PBXBuildFile; fileRef = 1D7702F347CAD3C65FDA7851 /* ClippingsParser.swift */; };
		C11C4AA58645E3A2602523DC /* VolumeWatcher.swift in Sources */ = {isa = PBXBuildFile; fileRef = 653DF17A62F70DE93E169341 /* VolumeWatcher.swift */; };
		D6C797343A84594057ADD624 /* ImportCoordinator.swift in Sources */ = {isa = PBXBuildFile; fileRef = 5DF13C66AA67590AFF96E390 /* ImportCoordinator.swift */; };
		E3490F35A7ACB433674887C9 /* DedupeKeyBuilder.swift in Sources */ = {isa = PBXBuildFile; fileRef = 8A563B48FBC2B662891DFB65 /* DedupeKeyBuilder.swift */; };
		E9181E2AB7C4C596E1EAD8AD /* GRDB in Frameworks */ = {isa = PBXBuildFile; productRef = 9551A09A2327039A1281BEA5 /* GRDB */; };
/* End PBXBuildFile section */

/* Begin PBXFileReference section */
		126D2BED290D16D70E707B68 /* Database.swift */ = {isa = PBXFileReference; lastKnownFileType = sourcecode.swift; path = Database.swift; sourceTree = "<group>"; };
		1D7702F347CAD3C65FDA7851 /* ClippingsParser.swift */ = {isa = PBXFileReference; lastKnownFileType = sourcecode.swift; path = ClippingsParser.swift; sourceTree = "<group>"; };
		21B8E3445F2F4E809A769813 /* DisplayTopologyCoordinator.swift */ = {isa = PBXFileReference; lastKnownFileType = sourcecode.swift; path = DisplayTopologyCoordinator.swift; sourceTree = "<group>"; };
		5C88B20A7755CD6200EE4E3F /* WallpaperSetter.swift */ = {isa = PBXFileReference; lastKnownFileType = sourcecode.swift; path = WallpaperSetter.swift; sourceTree = "<group>"; };
		5DF13C66AA67590AFF96E390 /* ImportCoordinator.swift */ = {isa = PBXFileReference; lastKnownFileType = sourcecode.swift; path = ImportCoordinator.swift; sourceTree = "<group>"; };
		653DF17A62F70DE93E169341 /* VolumeWatcher.swift */ = {isa = PBXFileReference; lastKnownFileType = sourcecode.swift; path = VolumeWatcher.swift; sourceTree = "<group>"; };
		67306A31618FE6581F9F81F4 /* KindleWallApp.swift */ = {isa = PBXFileReference; lastKnownFileType = sourcecode.swift; path = KindleWallApp.swift; sourceTree = "<group>"; };
		67E7F15FCB23FBD77BC647C6 /* Book.swift */ = {isa = PBXFileReference; lastKnownFileType = sourcecode.swift; path = Book.swift; sourceTree = "<group>"; };
		6B95F3F7592604E8603231A7 /* DisplayIdentityResolver.swift */ = {isa = PBXFileReference; lastKnownFileType = sourcecode.swift; path = DisplayIdentityResolver.swift; sourceTree = "<group>"; };
		6E25B22876E6C4FDA140A324 /* WallpaperGenerator.swift */ = {isa = PBXFileReference; lastKnownFileType = sourcecode.swift; path = WallpaperGenerator.swift; sourceTree = "<group>"; };
		A1B2C3D4E5F60718293A4B5C /* BackgroundImageLoader.swift */ = {isa = PBXFileReference; lastKnownFileType = sourcecode.swift; path = BackgroundImageLoader.swift; sourceTree = "<group>"; };
		766BDB43991580ED0548AE8A /* BackgroundImageStore.swift */ = {isa = PBXFileReference; lastKnownFileType = sourcecode.swift; path = BackgroundImageStore.swift; sourceTree = "<group>"; };
		811E26389F17F084542DAAF7 /* KindleWall.app */ = {isa = PBXFileReference; explicitFileType = wrapper.application; includeInIndex = 0; path = KindleWall.app; sourceTree = BUILT_PRODUCTS_DIR; };
		86F9EA5F3C2418D8AA0D9365 /* Highlight.swift */ = {isa = PBXFileReference; lastKnownFileType = sourcecode.swift; path = Highlight.swift; sourceTree = "<group>"; };
		8A563B48FBC2B662891DFB65 /* DedupeKeyBuilder.swift */ = {isa = PBXFileReference; lastKnownFileType = sourcecode.swift; path = DedupeKeyBuilder.swift; sourceTree = "<group>"; };
		931DFDD6D12D8887EA968760 /* Info.plist */ = {isa = PBXFileReference; lastKnownFileType = text.plist; path = Info.plist; sourceTree = "<group>"; };
		9659821AC668F464106C9FC7 /* SettingsView.swift */ = {isa = PBXFileReference; lastKnownFileType = sourcecode.swift; path = SettingsView.swift; sourceTree = "<group>"; };
		C88BA03AB2C2B7841ADC4755 /* MenuBarView.swift */ = {isa = PBXFileReference; lastKnownFileType = sourcecode.swift; path = MenuBarView.swift; sourceTree = "<group>"; };
		CCC30AE2587D563491B3028B /* AppSupportPaths.swift */ = {isa = PBXFileReference; lastKnownFileType = sourcecode.swift; path = AppSupportPaths.swift; sourceTree = "<group>"; };
		C8CF98599C7E4756A3DCC1D9 /* WallpaperHistoryPruner.swift */ = {isa = PBXFileReference; lastKnownFileType = sourcecode.swift; path = WallpaperHistoryPruner.swift; sourceTree = "<group>"; };
		E7722C3B4FB0A66E04C7BB28 /* ScheduleSettings.swift */ = {isa = PBXFileReference; lastKnownFileType = sourcecode.swift; path = ScheduleSettings.swift; sourceTree = "<group>"; };
		F30FF8ED41FBB6C774BCADD5 /* AppState.swift */ = {isa = PBXFileReference; lastKnownFileType = sourcecode.swift; path = AppState.swift; sourceTree = "<group>"; };
		FE978DC2E088D8352D1AB370 /* WallpaperScheduler.swift */ = {isa = PBXFileReference; lastKnownFileType = sourcecode.swift; path = WallpaperScheduler.swift; sourceTree = "<group>"; };
/* End PBXFileReference section */

/* Begin PBXFrameworksBuildPhase section */
		E22ABD819961EAE14CB180F9 /* Frameworks */ = {
			isa = PBXFrameworksBuildPhase;
			buildActionMask = 2147483647;
			files = (
				E9181E2AB7C4C596E1EAD8AD /* GRDB in Frameworks */,
			);
			runOnlyForDeploymentPostprocessing = 0;
		};
/* End PBXFrameworksBuildPhase section */

/* Begin PBXGroup section */
		031DE6FED8A853242735DC25 /* Parsing */ = {
			isa = PBXGroup;
			children = (
				1D7702F347CAD3C65FDA7851 /* ClippingsParser.swift */,
			);
			path = Parsing;
			sourceTree = "<group>";
		};
		2C2B7B77EDAA73932A89F526 = {
			isa = PBXGroup;
			children = (
				34D11B167C7ACAEF878BFE92 /* App */,
				45C42DCDDC36FFEB4D2F707D /* Models */,
				031DE6FED8A853242735DC25 /* Parsing */,
				D079063320403131A75753EC /* Products */,
			);
			sourceTree = "<group>";
		};
		34D11B167C7ACAEF878BFE92 /* App */ = {
			isa = PBXGroup;
			children = (
				F30FF8ED41FBB6C774BCADD5 /* AppState.swift */,
				CCC30AE2587D563491B3028B /* AppSupportPaths.swift */,
				A1B2C3D4E5F60718293A4B5C /* BackgroundImageLoader.swift */,
				766BDB43991580ED0548AE8A /* BackgroundImageStore.swift */,
				126D2BED290D16D70E707B68 /* Database.swift */,
				6B95F3F7592604E8603231A7 /* DisplayIdentityResolver.swift */,
				21B8E3445F2F4E809A769813 /* DisplayTopologyCoordinator.swift */,
				5DF13C66AA67590AFF96E390 /* ImportCoordinator.swift */,
				931DFDD6D12D8887EA968760 /* Info.plist */,
				67306A31618FE6581F9F81F4 /* KindleWallApp.swift */,
				C88BA03AB2C2B7841ADC4755 /* MenuBarView.swift */,
				E7722C3B4FB0A66E04C7BB28 /* ScheduleSettings.swift */,
				9659821AC668F464106C9FC7 /* SettingsView.swift */,
				653DF17A62F70DE93E169341 /* VolumeWatcher.swift */,
				6E25B22876E6C4FDA140A324 /* WallpaperGenerator.swift */,
				C8CF98599C7E4756A3DCC1D9 /* WallpaperHistoryPruner.swift */,
				FE978DC2E088D8352D1AB370 /* WallpaperScheduler.swift */,
				5C88B20A7755CD6200EE4E3F /* WallpaperSetter.swift */,
			);
			path = App;
			sourceTree = "<group>";
		};
		45C42DCDDC36FFEB4D2F707D /* Models */ = {
			isa = PBXGroup;
			children = (
				67E7F15FCB23FBD77BC647C6 /* Book.swift */,
				8A563B48FBC2B662891DFB65 /* DedupeKeyBuilder.swift */,
				86F9EA5F3C2418D8AA0D9365 /* Highlight.swift */,
			);
			path = Models;
			sourceTree = "<group>";
		};
		D079063320403131A75753EC /* Products */ = {
			isa = PBXGroup;
			children = (
				811E26389F17F084542DAAF7 /* KindleWall.app */,
			);
			name = Products;
			sourceTree = "<group>";
		};
/* End PBXGroup section */

/* Begin PBXNativeTarget section */
		D9B056B258DD0ADC060E0F5A /* KindleWall */ = {
			isa = PBXNativeTarget;
			buildConfigurationList = 943AF8627BA52137C9884D7A /* Build configuration list for PBXNativeTarget "KindleWall" */;
			buildPhases = (
				FB500375C2412AA6AF2AD9F6 /* Sources */,
				E22ABD819961EAE14CB180F9 /* Frameworks */,
			);
			buildRules = (
			);
			dependencies = (
			);
			name = KindleWall;
			packageProductDependencies = (
				9551A09A2327039A1281BEA5 /* GRDB */,
			);
			productName = KindleWall;
			productReference = 811E26389F17F084542DAAF7 /* KindleWall.app */;
			productType = "com.apple.product-type.application";
		};
/* End PBXNativeTarget section */

/* Begin PBXProject section */
		D4F779AA0A26DE43440ECF4E /* Project object */ = {
			isa = PBXProject;
			attributes = {
				BuildIndependentTargetsInParallel = YES;
				LastUpgradeCheck = 1540;
				TargetAttributes = {
					D9B056B258DD0ADC060E0F5A = {
						DevelopmentTeam = "";
					};
				};
			};
			buildConfigurationList = D1C2A6ADC886326D1DE3E5F0 /* Build configuration list for PBXProject "KindleWall" */;
			compatibilityVersion = "Xcode 14.0";
			developmentRegion = en;
			hasScannedForEncodings = 0;
			knownRegions = (
				Base,
				en,
			);
			mainGroup = 2C2B7B77EDAA73932A89F526;
			minimizedProjectReferenceProxies = 1;
			packageReferences = (
				242A27530829ABA727C8DB72 /* XCRemoteSwiftPackageReference "GRDB.swift" */,
			);
			preferredProjectObjectVersion = 77;
			projectDirPath = "";
			projectRoot = "";
			targets = (
				D9B056B258DD0ADC060E0F5A /* KindleWall */,
			);
		};
/* End PBXProject section */

/* Begin PBXSourcesBuildPhase section */
		FB500375C2412AA6AF2AD9F6 /* Sources */ = {
			isa = PBXSourcesBuildPhase;
			buildActionMask = 2147483647;
			files = (
				6FDE593A8A8A6CA93220C98F /* AppState.swift in Sources */,
				502DA8517C345512E26AA2A5 /* AppSupportPaths.swift in Sources */,
				B2C3D4E5F60718293A4B5C6D /* BackgroundImageLoader.swift in Sources */,
				7067D38042A1BC59897C1BAE /* BackgroundImageStore.swift in Sources */,
				006BFF281CE13CB5B2AA67E6 /* Book.swift in Sources */,
				C06D7617B1725A8B722A3626 /* ClippingsParser.swift in Sources */,
				154FAA67B9134B920BB2E402 /* Database.swift in Sources */,
				7E5D604A95B044E9BA3BC622 /* DisplayIdentityResolver.swift in Sources */,
				5B8D8077D1544147A2C44872 /* DisplayTopologyCoordinator.swift in Sources */,
				E3490F35A7ACB433674887C9 /* DedupeKeyBuilder.swift in Sources */,
				630FD92E3719C965D0208253 /* Highlight.swift in Sources */,
				D6C797343A84594057ADD624 /* ImportCoordinator.swift in Sources */,
				0F47113C8F5C5C3A9CDF9C42 /* KindleWallApp.swift in Sources */,
				86DEA4128C7AA27D22CA5442 /* MenuBarView.swift in Sources */,
				B91FD28C7AEC1D1726DD6E98 /* ScheduleSettings.swift in Sources */,
				28774E1A69A7CBA9EC0CEADB /* SettingsView.swift in Sources */,
				C11C4AA58645E3A2602523DC /* VolumeWatcher.swift in Sources */,
				B355BB125C0BFE9298F3C07C /* WallpaperGenerator.swift in Sources */,
				C4A63C367F7F45A8B7C1E9A4 /* WallpaperHistoryPruner.swift in Sources */,
				6174323980834111C7C77097 /* WallpaperScheduler.swift in Sources */,
				8CFDB5D51168C39C9A5EEBCD /* WallpaperSetter.swift in Sources */,
			);
			runOnlyForDeploymentPostprocessing = 0;
		};
/* End PBXSourcesBuildPhase section */

/* Begin XCBuildConfiguration section */
		63DF216E94B2552D09B05C47 /* Debug */ = {
			isa = XCBuildConfiguration;
			buildSettings = {
				ALWAYS_SEARCH_USER_PATHS = NO;
				CLANG_ANALYZER_NONNULL = YES;
				CLANG_ANALYZER_NUMBER_OBJECT_CONVERSION = YES_AGGRESSIVE;
				CLANG_CXX_LANGUAGE_STANDARD = "gnu++14";
				CLANG_CXX_LIBRARY = "libc++";
				CLANG_ENABLE_MODULES = YES;
				CLANG_ENABLE_OBJC_ARC = YES;
				CLANG_ENABLE_OBJC_WEAK = YES;
				CLANG_WARN_BLOCK_CAPTURE_AUTORELEASING = YES;
				CLANG_WARN_BOOL_CONVERSION = YES;
				CLANG_WARN_COMMA = YES;
				CLANG_WARN_CONSTANT_CONVERSION = YES;
				CLANG_WARN_DEPRECATED_OBJC_IMPLEMENTATIONS = YES;
				CLANG_WARN_DIRECT_OBJC_ISA_USAGE = YES_ERROR;
				CLANG_WARN_DOCUMENTATION_COMMENTS = YES;
				CLANG_WARN_EMPTY_BODY = YES;
				CLANG_WARN_ENUM_CONVERSION = YES;
				CLANG_WARN_INFINITE_RECURSION = YES;
				CLANG_WARN_INT_CONVERSION = YES;
				CLANG_WARN_NON_LITERAL_NULL_CONVERSION = YES;
				CLANG_WARN_OBJC_IMPLICIT_RETAIN_SELF = YES;
				CLANG_WARN_OBJC_LITERAL_CONVERSION = YES;
				CLANG_WARN_OBJC_ROOT_CLASS = YES_ERROR;
				CLANG_WARN_QUOTED_INCLUDE_IN_FRAMEWORK_HEADER = YES;
				CLANG_WARN_RANGE_LOOP_ANALYSIS = YES;
				CLANG_WARN_STRICT_PROTOTYPES = YES;
				CLANG_WARN_SUSPICIOUS_MOVE = YES;
				CLANG_WARN_UNGUARDED_AVAILABILITY = YES_AGGRESSIVE;
				CLANG_WARN_UNREACHABLE_CODE = YES;
				CLANG_WARN__DUPLICATE_METHOD_MATCH = YES;
				COPY_PHASE_STRIP = NO;
				DEBUG_INFORMATION_FORMAT = dwarf;
				DEVELOPMENT_TEAM = "";
				ENABLE_STRICT_OBJC_MSGSEND = YES;
				ENABLE_TESTABILITY = YES;
				GCC_C_LANGUAGE_STANDARD = gnu11;
				GCC_DYNAMIC_NO_PIC = NO;
				GCC_NO_COMMON_BLOCKS = YES;
				GCC_OPTIMIZATION_LEVEL = 0;
				GCC_PREPROCESSOR_DEFINITIONS = (
					"$(inherited)",
					"DEBUG=1",
				);
				GCC_WARN_64_TO_32_BIT_CONVERSION = YES;
				GCC_WARN_ABOUT_RETURN_TYPE = YES_ERROR;
				GCC_WARN_UNDECLARED_SELECTOR = YES;
				GCC_WARN_UNINITIALIZED_AUTOS = YES_AGGRESSIVE;
				GCC_WARN_UNUSED_FUNCTION = YES;
				GCC_WARN_UNUSED_VARIABLE = YES;
				MACOSX_DEPLOYMENT_TARGET = 13.0;
				MTL_ENABLE_DEBUG_INFO = INCLUDE_SOURCE;
				MTL_FAST_MATH = YES;
				ONLY_ACTIVE_ARCH = YES;
				PRODUCT_NAME = "$(TARGET_NAME)";
				SDKROOT = macosx;
				SWIFT_ACTIVE_COMPILATION_CONDITIONS = DEBUG;
				SWIFT_OPTIMIZATION_LEVEL = "-Onone";
				SWIFT_VERSION = 5.0;
			};
			name = Debug;
		};
		BCE89F25068DB8C2C14F2864 /* Debug */ = {
			isa = XCBuildConfiguration;
			buildSettings = {
				ASSETCATALOG_COMPILER_APPICON_NAME = AppIcon;
				COMBINE_HIDPI_IMAGES = YES;
				GENERATE_INFOPLIST_FILE = NO;
				INFOPLIST_FILE = App/Info.plist;
				LD_RUNPATH_SEARCH_PATHS = (
					"$(inherited)",
					"@executable_path/../Frameworks",
				);
				MACOSX_DEPLOYMENT_TARGET = 13.0;
				PRODUCT_BUNDLE_IDENTIFIER = com.marcuslo.KindleWall;
				PRODUCT_NAME = KindleWall;
				SDKROOT = macosx;
			};
			name = Debug;
		};
		C66DA4E92F11D2D59E0FE2F6 /* Release */ = {
			isa = XCBuildConfiguration;
			buildSettings = {
				ALWAYS_SEARCH_USER_PATHS = NO;
				CLANG_ANALYZER_NONNULL = YES;
				CLANG_ANALYZER_NUMBER_OBJECT_CONVERSION = YES_AGGRESSIVE;
				CLANG_CXX_LANGUAGE_STANDARD = "gnu++14";
				CLANG_CXX_LIBRARY = "libc++";
				CLANG_ENABLE_MODULES = YES;
				CLANG_ENABLE_OBJC_ARC = YES;
				CLANG_ENABLE_OBJC_WEAK = YES;
				CLANG_WARN_BLOCK_CAPTURE_AUTORELEASING = YES;
				CLANG_WARN_BOOL_CONVERSION = YES;
				CLANG_WARN_COMMA = YES;
				CLANG_WARN_CONSTANT_CONVERSION = YES;
				CLANG_WARN_DEPRECATED_OBJC_IMPLEMENTATIONS = YES;
				CLANG_WARN_DIRECT_OBJC_ISA_USAGE = YES_ERROR;
				CLANG_WARN_DOCUMENTATION_COMMENTS = YES;
				CLANG_WARN_EMPTY_BODY = YES;
				CLANG_WARN_ENUM_CONVERSION = YES;
				CLANG_WARN_INFINITE_RECURSION = YES;
				CLANG_WARN_INT_CONVERSION = YES;
				CLANG_WARN_NON_LITERAL_NULL_CONVERSION = YES;
				CLANG_WARN_OBJC_IMPLICIT_RETAIN_SELF = YES;
				CLANG_WARN_OBJC_LITERAL_CONVERSION = YES;
				CLANG_WARN_OBJC_ROOT_CLASS = YES_ERROR;
				CLANG_WARN_QUOTED_INCLUDE_IN_FRAMEWORK_HEADER = YES;
				CLANG_WARN_RANGE_LOOP_ANALYSIS = YES;
				CLANG_WARN_STRICT_PROTOTYPES = YES;
				CLANG_WARN_SUSPICIOUS_MOVE = YES;
				CLANG_WARN_UNGUARDED_AVAILABILITY = YES_AGGRESSIVE;
				CLANG_WARN_UNREACHABLE_CODE = YES;
				CLANG_WARN__DUPLICATE_METHOD_MATCH = YES;
				COPY_PHASE_STRIP = NO;
				DEBUG_INFORMATION_FORMAT = "dwarf-with-dsym";
				DEVELOPMENT_TEAM = "";
				ENABLE_NS_ASSERTIONS = NO;
				ENABLE_STRICT_OBJC_MSGSEND = YES;
				GCC_C_LANGUAGE_STANDARD = gnu11;
				GCC_NO_COMMON_BLOCKS = YES;
				GCC_WARN_64_TO_32_BIT_CONVERSION = YES;
				GCC_WARN_ABOUT_RETURN_TYPE = YES_ERROR;
				GCC_WARN_UNDECLARED_SELECTOR = YES;
				GCC_WARN_UNINITIALIZED_AUTOS = YES_AGGRESSIVE;
				GCC_WARN_UNUSED_FUNCTION = YES;
				GCC_WARN_UNUSED_VARIABLE = YES;
				MACOSX_DEPLOYMENT_TARGET = 13.0;
				MTL_ENABLE_DEBUG_INFO = NO;
				MTL_FAST_MATH = YES;
				PRODUCT_NAME = "$(TARGET_NAME)";
				SDKROOT = macosx;
				SWIFT_COMPILATION_MODE = wholemodule;
				SWIFT_OPTIMIZATION_LEVEL = "-O";
				SWIFT_VERSION = 5.0;
			};
			name = Release;
		};
		DE53D1C2FBBEE10B71DE6803 /* Release */ = {
			isa = XCBuildConfiguration;
			buildSettings = {
				ASSETCATALOG_COMPILER_APPICON_NAME = AppIcon;
				COMBINE_HIDPI_IMAGES = YES;
				GENERATE_INFOPLIST_FILE = NO;
				INFOPLIST_FILE = App/Info.plist;
				LD_RUNPATH_SEARCH_PATHS = (
					"$(inherited)",
					"@executable_path/../Frameworks",
				);
				MACOSX_DEPLOYMENT_TARGET = 13.0;
				PRODUCT_BUNDLE_IDENTIFIER = com.marcuslo.KindleWall;
				PRODUCT_NAME = KindleWall;
				SDKROOT = macosx;
			};
			name = Release;
		};
/* End XCBuildConfiguration section */

/* Begin XCConfigurationList section */
		943AF8627BA52137C9884D7A /* Build configuration list for PBXNativeTarget "KindleWall" */ = {
			isa = XCConfigurationList;
			buildConfigurations = (
				BCE89F25068DB8C2C14F2864 /* Debug */,
				DE53D1C2FBBEE10B71DE6803 /* Release */,
			);
			defaultConfigurationIsVisible = 0;
			defaultConfigurationName = Debug;
		};
		D1C2A6ADC886326D1DE3E5F0 /* Build configuration list for PBXProject "KindleWall" */ = {
			isa = XCConfigurationList;
			buildConfigurations = (
				63DF216E94B2552D09B05C47 /* Debug */,
				C66DA4E92F11D2D59E0FE2F6 /* Release */,
			);
			defaultConfigurationIsVisible = 0;
			defaultConfigurationName = Debug;
		};
/* End XCConfigurationList section */

/* Begin XCRemoteSwiftPackageReference section */
		242A27530829ABA727C8DB72 /* XCRemoteSwiftPackageReference "GRDB.swift" */ = {
			isa = XCRemoteSwiftPackageReference;
			repositoryURL = "https://github.com/groue/GRDB.swift.git";
			requirement = {
				kind = upToNextMajorVersion;
				minimumVersion = 6.0.0;
			};
		};
/* End XCRemoteSwiftPackageReference section */

/* Begin XCSwiftPackageProductDependency section */
		9551A09A2327039A1281BEA5 /* GRDB */ = {
			isa = XCSwiftPackageProductDependency;
			package = 242A27530829ABA727C8DB72 /* XCRemoteSwiftPackageReference "GRDB.swift" */;
			productName = GRDB;
		};
/* End XCSwiftPackageProductDependency section */
	};
	rootObject = D4F779AA0A26DE43440ECF4E /* Project object */;
}
