// !$*UTF8*$!
{
	archiveVersion = 1;
	classes = {
	};
	objectVersion = 56;
	objects = {

/* Begin PBXBuildFile section */
		006BFF281CE13CB5B2AA67E6 /* Book.swift in Sources */ = {isa = PBXBuildFile; fileRef = 67E7F15FCB23FBD77BC647C6 /* Book.swift */; };
		0A908775A2D5A7F75E764B1E /* LibraryView.swift in Sources */ = {isa = PBXBuildFile; fileRef = 10497CFEC3D771E2D3A70010 /* LibraryView.swift */; };
		0F47113C8F5C5C3A9CDF9C42 /* KindleWallApp.swift in Sources */ = {isa = PBXBuildFile; fileRef = 67306A31618FE6581F9F81F4 /* KindleWallApp.swift */; };
		154FAA67B9134B920BB2E402 /* Database.swift in Sources */ = {isa = PBXBuildFile; fileRef = 126D2BED290D16D70E707B68 /* Database.swift */; };
		15DE77854CB392DAF1C8452A /* ScheduleSettingsTests.swift in Sources */ = {isa = PBXBuildFile; fileRef = 5A72A5D605268A44A7EEBC47 /* ScheduleSettingsTests.swift */; };
		1BC1D3D6F9EAC14BCF73CE25 /* DisplayIdentityResolver.swift in Sources */ = {isa = PBXBuildFile; fileRef = 6A77E09E2976B60EEF5C5EB5 /* DisplayIdentityResolver.swift */; };
		1DBD091F7C5F860D53DB4C41 /* QuoteDetailView.swift in Sources */ = {isa = PBXBuildFile; fileRef = 363D28120FD6A265CA45F299 /* QuoteDetailView.swift */; };
		28774E1A69A7CBA9EC0CEADB /* SettingsView.swift in Sources */ = {isa = PBXBuildFile; fileRef = 9659821AC668F464106C9FC7 /* SettingsView.swift */; };
		32B33D41AD3EA067C9674A5C /* QuotesListView.swift in Sources */ = {isa = PBXBuildFile; fileRef = 16C0CA4AF2F0CEEF56FAF2FC /* QuotesListView.swift */; };
		32D2D91B92B1604FBF03B4B2 /* QuotesNativeTableView.swift in Sources */ = {isa = PBXBuildFile; fileRef = 037B0064A23CC5C29DF7571A /* QuotesNativeTableView.swift */; };
		387D813306394B50F62B51A1 /* DatabaseSchema.swift in Sources */ = {isa = PBXBuildFile; fileRef = 2C8DF85457DF25CCB63EA1DE /* DatabaseSchema.swift */; };
		3BDF52CFFD3C5678465AC433 /* DatabaseRepositoryTests.swift in Sources */ = {isa = PBXBuildFile; fileRef = 829041E82AC9216C736415F9 /* DatabaseRepositoryTests.swift */; };
		3C1B385640773F6938D7FEC9 /* QuoteEditView.swift in Sources */ = {isa = PBXBuildFile; fileRef = 617C47C0AC5E536BF144CDC6 /* QuoteEditView.swift */; };
		48B28414D1A6E94259082B12 /* WallpaperTopologyRestorer.swift in Sources */ = {isa = PBXBuildFile; fileRef = 64F72B90BAD25CC8B74973DE /* WallpaperTopologyRestorer.swift */; };
		502DA8517C345512E26AA2A5 /* AppSupportPaths.swift in Sources */ = {isa = PBXBuildFile; fileRef = CCC30AE2587D563491B3028B /* AppSupportPaths.swift */; };
		576C8203381D1D02056F55D0 /* BackgroundsWindowPresentation.swift in Sources */ = {isa = PBXBuildFile; fileRef = 1ED7931BC21A450E27E95C51 /* BackgroundsWindowPresentation.swift */; };
		5E47F3A21E81B969740B5391 /* LibraryRepository.swift in Sources */ = {isa = PBXBuildFile; fileRef = C5A453AA0FAEA310481C2420 /* LibraryRepository.swift */; };
		60027E44266234588948DD69 /* WallpaperHistoryPruner.swift in Sources */ = {isa = PBXBuildFile; fileRef = 7FB92A2D20E93A6E58E8EB44 /* WallpaperHistoryPruner.swift */; };
		6174323980834111C7C77097 /* WallpaperScheduler.swift in Sources */ = {isa = PBXBuildFile; fileRef = FE978DC2E088D8352D1AB370 /* WallpaperScheduler.swift */; };
		630FD92E3719C965D0208253 /* Highlight.swift in Sources */ = {isa = PBXBuildFile; fileRef = 86F9EA5F3C2418D8AA0D9365 /* Highlight.swift */; };
		6708CE984AD09C6D9D57232F /* QuoteRepository.swift in Sources */ = {isa = PBXBuildFile; fileRef = 148A64E3E571CDC87B646789 /* QuoteRepository.swift */; };
		6E326D1CC68AD411B44C9C47 /* DatabaseMigrations.swift in Sources */ = {isa = PBXBuildFile; fileRef = DE1A57417D9CDEAF8AE8FAB9 /* DatabaseMigrations.swift */; };
		6FDE593A8A8A6CA93220C98F /* AppState.swift in Sources */ = {isa = PBXBuildFile; fileRef = F30FF8ED41FBB6C774BCADD5 /* AppState.swift */; };
		7067D38042A1BC59897C1BAE /* BackgroundImageStore.swift in Sources */ = {isa = PBXBuildFile; fileRef = 766BDB43991580ED0548AE8A /* BackgroundImageStore.swift */; };
		83325D644678DC3122F52230 /* QuotesListViewModel.swift in Sources */ = {isa = PBXBuildFile; fileRef = CD851ED87C25424B419ECE55 /* QuotesListViewModel.swift */; };
		84E5F9925C98D1B957960784 /* SyncNotificationManager.swift in Sources */ = {isa = PBXBuildFile; fileRef = 578F9F25BEE00A81E7CFD41F /* SyncNotificationManager.swift */; };
		86DEA4128C7AA27D22CA5442 /* MenuBarView.swift in Sources */ = {isa = PBXBuildFile; fileRef = C88BA03AB2C2B7841ADC4755 /* MenuBarView.swift */; };
		87138618E08366A3E73ED3D9 /* WallpaperAssignmentStore.swift in Sources */ = {isa = PBXBuildFile; fileRef = 2FADE0DD24FB03285ADB7BCA /* WallpaperAssignmentStore.swift */; };
		8CFDB5D51168C39C9A5EEBCD /* WallpaperSetter.swift in Sources */ = {isa = PBXBuildFile; fileRef = 5C88B20A7755CD6200EE4E3F /* WallpaperSetter.swift */; };
		8E1DB6229D22B9AFC1C8B118 /* ImportRepository.swift in Sources */ = {isa = PBXBuildFile; fileRef = 1C9ADF239E0ACF39D89648A3 /* ImportRepository.swift */; };
		A1D63361761E841AB597AA66 /* WallpaperAssignmentStoreTests.swift in Sources */ = {isa = PBXBuildFile; fileRef = 3F040EDF848E9D9B7A8E5001 /* WallpaperAssignmentStoreTests.swift */; };
		AC5C41E9141FFA860C973256 /* DebouncedTaskScheduler.swift in Sources */ = {isa = PBXBuildFile; fileRef = 8B4A1FCB6ABBF2C9182D99CA /* DebouncedTaskScheduler.swift */; };
		AFEDDEADFB13BFA4F23F0FD5 /* DisplayTopologyCoordinator.swift in Sources */ = {isa = PBXBuildFile; fileRef = 2A5767AD8F86113DAE586BEF /* DisplayTopologyCoordinator.swift */; };
		B33183E21DE8874D4FF5F3BE /* DatabaseSupport.swift in Sources */ = {isa = PBXBuildFile; fileRef = 02F39201D3AFB8B68A52F234 /* DatabaseSupport.swift */; };
		B355BB125C0BFE9298F3C07C /* WallpaperGenerator.swift in Sources */ = {isa = PBXBuildFile; fileRef = 6E25B22876E6C4FDA140A324 /* WallpaperGenerator.swift */; };
		B91FD28C7AEC1D1726DD6E98 /* ScheduleSettings.swift in Sources */ = {isa = PBXBuildFile; fileRef = E7722C3B4FB0A66E04C7BB28 /* ScheduleSettings.swift */; };
		C06D7617B1725A8B722A3626 /* ClippingsParser.swift in Sources */ = {isa = PBXBuildFile; fileRef = 1D7702F347CAD3C65FDA7851 /* ClippingsParser.swift */; };
		C11C4AA58645E3A2602523DC /* VolumeWatcher.swift in Sources */ = {isa = PBXBuildFile; fileRef = 653DF17A62F70DE93E169341 /* VolumeWatcher.swift */; };
		C766CFBE668BE7E4CDF72C56 /* BackgroundImageLoader.swift in Sources */ = {isa = PBXBuildFile; fileRef = 4E0532262BD7F480B8D9EED8 /* BackgroundImageLoader.swift */; };
		CA5DC6DEBECEEE260390C6E0 /* BooksListView.swift in Sources */ = {isa = PBXBuildFile; fileRef = 37F9D135DF467547CDB49400 /* BooksListView.swift */; };
		CD18D1F637755F923A018CF5 /* BulkBookDeletionPlan.swift in Sources */ = {isa = PBXBuildFile; fileRef = 77303DBBAC7438E91F1A204E /* BulkBookDeletionPlan.swift */; };
		D6C797343A84594057ADD624 /* ImportCoordinator.swift in Sources */ = {isa = PBXBuildFile; fileRef = 5DF13C66AA67590AFF96E390 /* ImportCoordinator.swift */; };
		DD55E3262B52501D17A44BD0 /* QuotesImportFlow.swift in Sources */ = {isa = PBXBuildFile; fileRef = 0445FC37421CD1EC1512BAAF /* QuotesImportFlow.swift */; };
		E3490F35A7ACB433674887C9 /* DedupeKeyBuilder.swift in Sources */ = {isa = PBXBuildFile; fileRef = 8A563B48FBC2B662891DFB65 /* DedupeKeyBuilder.swift */; };
		E9181E2AB7C4C596E1EAD8AD /* GRDB in Frameworks */ = {isa = PBXBuildFile; productRef = 9551A09A2327039A1281BEA5 /* GRDB */; };
		F02BACA7AC7D1DD177ADA219 /* BackgroundsListView.swift in Sources */ = {isa = PBXBuildFile; fileRef = D75F5B4676E7AE45FB875FD8 /* BackgroundsListView.swift */; };
/* End PBXBuildFile section */

/* Begin PBXContainerItemProxy section */
		12C64FA735EF0E29AAB9D0CF /* PBXContainerItemProxy */ = {
			isa = PBXContainerItemProxy;
			containerPortal = D4F779AA0A26DE43440ECF4E /* Project object */;
			proxyType = 1;
			remoteGlobalIDString = D9B056B258DD0ADC060E0F5A;
			remoteInfo = KindleWall;
		};
/* End PBXContainerItemProxy section */

/* Begin PBXFileReference section */
		02F39201D3AFB8B68A52F234 /* DatabaseSupport.swift */ = {isa = PBXFileReference; lastKnownFileType = sourcecode.swift; path = DatabaseSupport.swift; sourceTree = "<group>"; };
		037B0064A23CC5C29DF7571A /* QuotesNativeTableView.swift */ = {isa = PBXFileReference; lastKnownFileType = sourcecode.swift; path = QuotesNativeTableView.swift; sourceTree = "<group>"; };
		0445FC37421CD1EC1512BAAF /* QuotesImportFlow.swift */ = {isa = PBXFileReference; lastKnownFileType = sourcecode.swift; path = QuotesImportFlow.swift; sourceTree = "<group>"; };
		10497CFEC3D771E2D3A70010 /* LibraryView.swift */ = {isa = PBXFileReference; lastKnownFileType = sourcecode.swift; path = LibraryView.swift; sourceTree = "<group>"; };
		126D2BED290D16D70E707B68 /* Database.swift */ = {isa = PBXFileReference; lastKnownFileType = sourcecode.swift; path = Database.swift; sourceTree = "<group>"; };
		148A64E3E571CDC87B646789 /* QuoteRepository.swift */ = {isa = PBXFileReference; lastKnownFileType = sourcecode.swift; path = QuoteRepository.swift; sourceTree = "<group>"; };
		16C0CA4AF2F0CEEF56FAF2FC /* QuotesListView.swift */ = {isa = PBXFileReference; lastKnownFileType = sourcecode.swift; path = QuotesListView.swift; sourceTree = "<group>"; };
		1C9ADF239E0ACF39D89648A3 /* ImportRepository.swift */ = {isa = PBXFileReference; lastKnownFileType = sourcecode.swift; path = ImportRepository.swift; sourceTree = "<group>"; };
		1D7702F347CAD3C65FDA7851 /* ClippingsParser.swift */ = {isa = PBXFileReference; lastKnownFileType = sourcecode.swift; path = ClippingsParser.swift; sourceTree = "<group>"; };
		1ED7931BC21A450E27E95C51 /* BackgroundsWindowPresentation.swift */ = {isa = PBXFileReference; lastKnownFileType = sourcecode.swift; path = BackgroundsWindowPresentation.swift; sourceTree = "<group>"; };
		2A5767AD8F86113DAE586BEF /* DisplayTopologyCoordinator.swift */ = {isa = PBXFileReference; lastKnownFileType = sourcecode.swift; path = DisplayTopologyCoordinator.swift; sourceTree = "<group>"; };
		2C8DF85457DF25CCB63EA1DE /* DatabaseSchema.swift */ = {isa = PBXFileReference; lastKnownFileType = sourcecode.swift; path = DatabaseSchema.swift; sourceTree = "<group>"; };
		2FADE0DD24FB03285ADB7BCA /* WallpaperAssignmentStore.swift */ = {isa = PBXFileReference; lastKnownFileType = sourcecode.swift; path = WallpaperAssignmentStore.swift; sourceTree = "<group>"; };
		363D28120FD6A265CA45F299 /* QuoteDetailView.swift */ = {isa = PBXFileReference; lastKnownFileType = sourcecode.swift; path = QuoteDetailView.swift; sourceTree = "<group>"; };
		37F9D135DF467547CDB49400 /* BooksListView.swift */ = {isa = PBXFileReference; lastKnownFileType = sourcecode.swift; path = BooksListView.swift; sourceTree = "<group>"; };
		3F040EDF848E9D9B7A8E5001 /* WallpaperAssignmentStoreTests.swift */ = {isa = PBXFileReference; lastKnownFileType = sourcecode.swift; path = WallpaperAssignmentStoreTests.swift; sourceTree = "<group>"; };
		4E0532262BD7F480B8D9EED8 /* BackgroundImageLoader.swift */ = {isa = PBXFileReference; lastKnownFileType = sourcecode.swift; path = BackgroundImageLoader.swift; sourceTree = "<group>"; };
		578F9F25BEE00A81E7CFD41F /* SyncNotificationManager.swift */ = {isa = PBXFileReference; lastKnownFileType = sourcecode.swift; path = SyncNotificationManager.swift; sourceTree = "<group>"; };
		5A72A5D605268A44A7EEBC47 /* ScheduleSettingsTests.swift */ = {isa = PBXFileReference; lastKnownFileType = sourcecode.swift; path = ScheduleSettingsTests.swift; sourceTree = "<group>"; };
		5C88B20A7755CD6200EE4E3F /* WallpaperSetter.swift */ = {isa = PBXFileReference; lastKnownFileType = sourcecode.swift; path = WallpaperSetter.swift; sourceTree = "<group>"; };
		5DF13C66AA67590AFF96E390 /* ImportCoordinator.swift */ = {isa = PBXFileReference; lastKnownFileType = sourcecode.swift; path = ImportCoordinator.swift; sourceTree = "<group>"; };
		617C47C0AC5E536BF144CDC6 /* QuoteEditView.swift */ = {isa = PBXFileReference; lastKnownFileType = sourcecode.swift; path = QuoteEditView.swift; sourceTree = "<group>"; };
		64F72B90BAD25CC8B74973DE /* WallpaperTopologyRestorer.swift */ = {isa = PBXFileReference; lastKnownFileType = sourcecode.swift; path = WallpaperTopologyRestorer.swift; sourceTree = "<group>"; };
		653DF17A62F70DE93E169341 /* VolumeWatcher.swift */ = {isa = PBXFileReference; lastKnownFileType = sourcecode.swift; path = VolumeWatcher.swift; sourceTree = "<group>"; };
		67306A31618FE6581F9F81F4 /* KindleWallApp.swift */ = {isa = PBXFileReference; lastKnownFileType = sourcecode.swift; path = KindleWallApp.swift; sourceTree = "<group>"; };
		67E7F15FCB23FBD77BC647C6 /* Book.swift */ = {isa = PBXFileReference; lastKnownFileType = sourcecode.swift; path = Book.swift; sourceTree = "<group>"; };
		6A77E09E2976B60EEF5C5EB5 /* DisplayIdentityResolver.swift */ = {isa = PBXFileReference; lastKnownFileType = sourcecode.swift; path = DisplayIdentityResolver.swift; sourceTree = "<group>"; };
		6E25B22876E6C4FDA140A324 /* WallpaperGenerator.swift */ = {isa = PBXFileReference; lastKnownFileType = sourcecode.swift; path = WallpaperGenerator.swift; sourceTree = "<group>"; };
		766BDB43991580ED0548AE8A /* BackgroundImageStore.swift */ = {isa = PBXFileReference; lastKnownFileType = sourcecode.swift; path = BackgroundImageStore.swift; sourceTree = "<group>"; };
		77303DBBAC7438E91F1A204E /* BulkBookDeletionPlan.swift */ = {isa = PBXFileReference; lastKnownFileType = sourcecode.swift; path = BulkBookDeletionPlan.swift; sourceTree = "<group>"; };
		7AFC8E757B8000A41A04805D /* LeafTests.xctest */ = {isa = PBXFileReference; explicitFileType = wrapper.cfbundle; includeInIndex = 0; path = LeafTests.xctest; sourceTree = BUILT_PRODUCTS_DIR; };
		7FB92A2D20E93A6E58E8EB44 /* WallpaperHistoryPruner.swift */ = {isa = PBXFileReference; lastKnownFileType = sourcecode.swift; path = WallpaperHistoryPruner.swift; sourceTree = "<group>"; };
		811E26389F17F084542DAAF7 /* KindleWall.app */ = {isa = PBXFileReference; explicitFileType = wrapper.application; includeInIndex = 0; path = KindleWall.app; sourceTree = BUILT_PRODUCTS_DIR; };
		829041E82AC9216C736415F9 /* DatabaseRepositoryTests.swift */ = {isa = PBXFileReference; lastKnownFileType = sourcecode.swift; path = DatabaseRepositoryTests.swift; sourceTree = "<group>"; };
		86F9EA5F3C2418D8AA0D9365 /* Highlight.swift */ = {isa = PBXFileReference; lastKnownFileType = sourcecode.swift; path = Highlight.swift; sourceTree = "<group>"; };
		8A563B48FBC2B662891DFB65 /* DedupeKeyBuilder.swift */ = {isa = PBXFileReference; lastKnownFileType = sourcecode.swift; path = DedupeKeyBuilder.swift; sourceTree = "<group>"; };
		8B4A1FCB6ABBF2C9182D99CA /* DebouncedTaskScheduler.swift */ = {isa = PBXFileReference; lastKnownFileType = sourcecode.swift; path = DebouncedTaskScheduler.swift; sourceTree = "<group>"; };
		931DFDD6D12D8887EA968760 /* Info.plist */ = {isa = PBXFileReference; lastKnownFileType = text.plist; path = Info.plist; sourceTree = "<group>"; };
		9659821AC668F464106C9FC7 /* SettingsView.swift */ = {isa = PBXFileReference; lastKnownFileType = sourcecode.swift; path = SettingsView.swift; sourceTree = "<group>"; };
		C5A453AA0FAEA310481C2420 /* LibraryRepository.swift */ = {isa = PBXFileReference; lastKnownFileType = sourcecode.swift; path = LibraryRepository.swift; sourceTree = "<group>"; };
		C88BA03AB2C2B7841ADC4755 /* MenuBarView.swift */ = {isa = PBXFileReference; lastKnownFileType = sourcecode.swift; path = MenuBarView.swift; sourceTree = "<group>"; };
		CCC30AE2587D563491B3028B /* AppSupportPaths.swift */ = {isa = PBXFileReference; lastKnownFileType = sourcecode.swift; path = AppSupportPaths.swift; sourceTree = "<group>"; };
		CD851ED87C25424B419ECE55 /* QuotesListViewModel.swift */ = {isa = PBXFileReference; lastKnownFileType = sourcecode.swift; path = QuotesListViewModel.swift; sourceTree = "<group>"; };
		D75F5B4676E7AE45FB875FD8 /* BackgroundsListView.swift */ = {isa = PBXFileReference; lastKnownFileType = sourcecode.swift; path = BackgroundsListView.swift; sourceTree = "<group>"; };
		DE1A57417D9CDEAF8AE8FAB9 /* DatabaseMigrations.swift */ = {isa = PBXFileReference; lastKnownFileType = sourcecode.swift; path = DatabaseMigrations.swift; sourceTree = "<group>"; };
		E7722C3B4FB0A66E04C7BB28 /* ScheduleSettings.swift */ = {isa = PBXFileReference; lastKnownFileType = sourcecode.swift; path = ScheduleSettings.swift; sourceTree = "<group>"; };
		F30FF8ED41FBB6C774BCADD5 /* AppState.swift */ = {isa = PBXFileReference; lastKnownFileType = sourcecode.swift; path = AppState.swift; sourceTree = "<group>"; };
		FE978DC2E088D8352D1AB370 /* WallpaperScheduler.swift */ = {isa = PBXFileReference; lastKnownFileType = sourcecode.swift; path = WallpaperScheduler.swift; sourceTree = "<group>"; };
/* End PBXFileReference section */

/* Begin PBXFrameworksBuildPhase section */
		E22ABD819961EAE14CB180F9 /* Frameworks */ = {
			isa = PBXFrameworksBuildPhase;
			buildActionMask = 2147483647;
			files = (
				E9181E2AB7C4C596E1EAD8AD /* GRDB in Frameworks */,
			);
			runOnlyForDeploymentPostprocessing = 0;
		};
/* End PBXFrameworksBuildPhase section */

/* Begin PBXGroup section */
		031DE6FED8A853242735DC25 /* Parsing */ = {
			isa = PBXGroup;
			children = (
				1D7702F347CAD3C65FDA7851 /* ClippingsParser.swift */,
			);
			path = Parsing;
			sourceTree = "<group>";
		};
		2C2B7B77EDAA73932A89F526 = {
			isa = PBXGroup;
			children = (
				34D11B167C7ACAEF878BFE92 /* App */,
				45C42DCDDC36FFEB4D2F707D /* Models */,
				031DE6FED8A853242735DC25 /* Parsing */,
				C79EDAAB83F205105A70C66E /* Tests */,
				D079063320403131A75753EC /* Products */,
			);
			sourceTree = "<group>";
		};
		34D11B167C7ACAEF878BFE92 /* App */ = {
			isa = PBXGroup;
			children = (
				F30FF8ED41FBB6C774BCADD5 /* AppState.swift */,
				CCC30AE2587D563491B3028B /* AppSupportPaths.swift */,
				4E0532262BD7F480B8D9EED8 /* BackgroundImageLoader.swift */,
				766BDB43991580ED0548AE8A /* BackgroundImageStore.swift */,
				D75F5B4676E7AE45FB875FD8 /* BackgroundsListView.swift */,
				1ED7931BC21A450E27E95C51 /* BackgroundsWindowPresentation.swift */,
				37F9D135DF467547CDB49400 /* BooksListView.swift */,
				126D2BED290D16D70E707B68 /* Database.swift */,
				DE1A57417D9CDEAF8AE8FAB9 /* DatabaseMigrations.swift */,
				2C8DF85457DF25CCB63EA1DE /* DatabaseSchema.swift */,
				02F39201D3AFB8B68A52F234 /* DatabaseSupport.swift */,
				8B4A1FCB6ABBF2C9182D99CA /* DebouncedTaskScheduler.swift */,
				6A77E09E2976B60EEF5C5EB5 /* DisplayIdentityResolver.swift */,
				2A5767AD8F86113DAE586BEF /* DisplayTopologyCoordinator.swift */,
				5DF13C66AA67590AFF96E390 /* ImportCoordinator.swift */,
				1C9ADF239E0ACF39D89648A3 /* ImportRepository.swift */,
				931DFDD6D12D8887EA968760 /* Info.plist */,
				67306A31618FE6581F9F81F4 /* KindleWallApp.swift */,
				C5A453AA0FAEA310481C2420 /* LibraryRepository.swift */,
				10497CFEC3D771E2D3A70010 /* LibraryView.swift */,
				C88BA03AB2C2B7841ADC4755 /* MenuBarView.swift */,
				363D28120FD6A265CA45F299 /* QuoteDetailView.swift */,
				617C47C0AC5E536BF144CDC6 /* QuoteEditView.swift */,
				148A64E3E571CDC87B646789 /* QuoteRepository.swift */,
				0445FC37421CD1EC1512BAAF /* QuotesImportFlow.swift */,
				16C0CA4AF2F0CEEF56FAF2FC /* QuotesListView.swift */,
				CD851ED87C25424B419ECE55 /* QuotesListViewModel.swift */,
				037B0064A23CC5C29DF7571A /* QuotesNativeTableView.swift */,
				E7722C3B4FB0A66E04C7BB28 /* ScheduleSettings.swift */,
				9659821AC668F464106C9FC7 /* SettingsView.swift */,
				578F9F25BEE00A81E7CFD41F /* SyncNotificationManager.swift */,
				653DF17A62F70DE93E169341 /* VolumeWatcher.swift */,
				2FADE0DD24FB03285ADB7BCA /* WallpaperAssignmentStore.swift */,
				6E25B22876E6C4FDA140A324 /* WallpaperGenerator.swift */,
				7FB92A2D20E93A6E58E8EB44 /* WallpaperHistoryPruner.swift */,
				FE978DC2E088D8352D1AB370 /* WallpaperScheduler.swift */,
				5C88B20A7755CD6200EE4E3F /* WallpaperSetter.swift */,
				64F72B90BAD25CC8B74973DE /* WallpaperTopologyRestorer.swift */,
			);
			path = App;
			sourceTree = "<group>";
		};
		45C42DCDDC36FFEB4D2F707D /* Models */ = {
			isa = PBXGroup;
			children = (
				67E7F15FCB23FBD77BC647C6 /* Book.swift */,
				77303DBBAC7438E91F1A204E /* BulkBookDeletionPlan.swift */,
				8A563B48FBC2B662891DFB65 /* DedupeKeyBuilder.swift */,
				86F9EA5F3C2418D8AA0D9365 /* Highlight.swift */,
			);
			path = Models;
			sourceTree = "<group>";
		};
		54A9BAE9BBA9B7593F6D628B /* LeafTests */ = {
			isa = PBXGroup;
			children = (
				829041E82AC9216C736415F9 /* DatabaseRepositoryTests.swift */,
				5A72A5D605268A44A7EEBC47 /* ScheduleSettingsTests.swift */,
				3F040EDF848E9D9B7A8E5001 /* WallpaperAssignmentStoreTests.swift */,
			);
			path = LeafTests;
			sourceTree = "<group>";
		};
		C79EDAAB83F205105A70C66E /* Tests */ = {
			isa = PBXGroup;
			children = (
				54A9BAE9BBA9B7593F6D628B /* LeafTests */,
			);
			path = Tests;
			sourceTree = "<group>";
		};
		D079063320403131A75753EC /* Products */ = {
			isa = PBXGroup;
			children = (
				811E26389F17F084542DAAF7 /* KindleWall.app */,
				7AFC8E757B8000A41A04805D /* LeafTests.xctest */,
			);
			name = Products;
			sourceTree = "<group>";
		};
/* End PBXGroup section */

/* Begin PBXNativeTarget section */
		B4B27C6945C968CCCE20759D /* LeafTests */ = {
			isa = PBXNativeTarget;
			buildConfigurationList = EFD4B4BA42F281495460B810 /* Build configuration list for PBXNativeTarget "LeafTests" */;
			buildPhases = (
				8F20446858893A3833236A56 /* Sources */,
			);
			buildRules = (
			);
			dependencies = (
				941784C2B8E6E5B04CA74833 /* PBXTargetDependency */,
			);
			name = LeafTests;
			packageProductDependencies = (
			);
			productName = LeafTests;
			productReference = 7AFC8E757B8000A41A04805D /* LeafTests.xctest */;
			productType = "com.apple.product-type.bundle.unit-test";
		};
		D9B056B258DD0ADC060E0F5A /* KindleWall */ = {
			isa = PBXNativeTarget;
			buildConfigurationList = 943AF8627BA52137C9884D7A /* Build configuration list for PBXNativeTarget "KindleWall" */;
			buildPhases = (
				FB500375C2412AA6AF2AD9F6 /* Sources */,
				E22ABD819961EAE14CB180F9 /* Frameworks */,
			);
			buildRules = (
			);
			dependencies = (
			);
			name = KindleWall;
			packageProductDependencies = (
				9551A09A2327039A1281BEA5 /* GRDB */,
			);
			productName = KindleWall;
			productReference = 811E26389F17F084542DAAF7 /* KindleWall.app */;
			productType = "com.apple.product-type.application";
		};
/* End PBXNativeTarget section */

/* Begin PBXProject section */
		D4F779AA0A26DE43440ECF4E /* Project object */ = {
			isa = PBXProject;
			attributes = {
				BuildIndependentTargetsInParallel = YES;
				LastUpgradeCheck = 1540;
				TargetAttributes = {
					B4B27C6945C968CCCE20759D = {
						DevelopmentTeam = "";
					};
					D9B056B258DD0ADC060E0F5A = {
						DevelopmentTeam = "";
					};
				};
			};
			buildConfigurationList = D1C2A6ADC886326D1DE3E5F0 /* Build configuration list for PBXProject "KindleWall" */;
			compatibilityVersion = "Xcode 14.0";
			developmentRegion = en;
			hasScannedForEncodings = 0;
			knownRegions = (
				Base,
				en,
			);
			mainGroup = 2C2B7B77EDAA73932A89F526;
			minimizedProjectReferenceProxies = 1;
			packageReferences = (
				242A27530829ABA727C8DB72 /* XCRemoteSwiftPackageReference "GRDB.swift" */,
			);
			preferredProjectObjectVersion = 77;
			projectDirPath = "";
			projectRoot = "";
			targets = (
				D9B056B258DD0ADC060E0F5A /* KindleWall */,
				B4B27C6945C968CCCE20759D /* LeafTests */,
			);
		};
/* End PBXProject section */

/* Begin PBXSourcesBuildPhase section */
		8F20446858893A3833236A56 /* Sources */ = {
			isa = PBXSourcesBuildPhase;
			buildActionMask = 2147483647;
			files = (
				3BDF52CFFD3C5678465AC433 /* DatabaseRepositoryTests.swift in Sources */,
				15DE77854CB392DAF1C8452A /* ScheduleSettingsTests.swift in Sources */,
				A1D63361761E841AB597AA66 /* WallpaperAssignmentStoreTests.swift in Sources */,
			);
			runOnlyForDeploymentPostprocessing = 0;
		};
		FB500375C2412AA6AF2AD9F6 /* Sources */ = {
			isa = PBXSourcesBuildPhase;
			buildActionMask = 2147483647;
			files = (
				6FDE593A8A8A6CA93220C98F /* AppState.swift in Sources */,
				502DA8517C345512E26AA2A5 /* AppSupportPaths.swift in Sources */,
				C766CFBE668BE7E4CDF72C56 /* BackgroundImageLoader.swift in Sources */,
				7067D38042A1BC59897C1BAE /* BackgroundImageStore.swift in Sources */,
				F02BACA7AC7D1DD177ADA219 /* BackgroundsListView.swift in Sources */,
				576C8203381D1D02056F55D0 /* BackgroundsWindowPresentation.swift in Sources */,
				006BFF281CE13CB5B2AA67E6 /* Book.swift in Sources */,
				CA5DC6DEBECEEE260390C6E0 /* BooksListView.swift in Sources */,
				CD18D1F637755F923A018CF5 /* BulkBookDeletionPlan.swift in Sources */,
				C06D7617B1725A8B722A3626 /* ClippingsParser.swift in Sources */,
				154FAA67B9134B920BB2E402 /* Database.swift in Sources */,
				6E326D1CC68AD411B44C9C47 /* DatabaseMigrations.swift in Sources */,
				387D813306394B50F62B51A1 /* DatabaseSchema.swift in Sources */,
				B33183E21DE8874D4FF5F3BE /* DatabaseSupport.swift in Sources */,
				AC5C41E9141FFA860C973256 /* DebouncedTaskScheduler.swift in Sources */,
				E3490F35A7ACB433674887C9 /* DedupeKeyBuilder.swift in Sources */,
				1BC1D3D6F9EAC14BCF73CE25 /* DisplayIdentityResolver.swift in Sources */,
				AFEDDEADFB13BFA4F23F0FD5 /* DisplayTopologyCoordinator.swift in Sources */,
				630FD92E3719C965D0208253 /* Highlight.swift in Sources */,
				D6C797343A84594057ADD624 /* ImportCoordinator.swift in Sources */,
				8E1DB6229D22B9AFC1C8B118 /* ImportRepository.swift in Sources */,
				0F47113C8F5C5C3A9CDF9C42 /* KindleWallApp.swift in Sources */,
				5E47F3A21E81B969740B5391 /* LibraryRepository.swift in Sources */,
				0A908775A2D5A7F75E764B1E /* LibraryView.swift in Sources */,
				86DEA4128C7AA27D22CA5442 /* MenuBarView.swift in Sources */,
				1DBD091F7C5F860D53DB4C41 /* QuoteDetailView.swift in Sources */,
				3C1B385640773F6938D7FEC9 /* QuoteEditView.swift in Sources */,
				6708CE984AD09C6D9D57232F /* QuoteRepository.swift in Sources */,
				DD55E3262B52501D17A44BD0 /* QuotesImportFlow.swift in Sources */,
				32B33D41AD3EA067C9674A5C /* QuotesListView.swift in Sources */,
				83325D644678DC3122F52230 /* QuotesListViewModel.swift in Sources */,
				32D2D91B92B1604FBF03B4B2 /* QuotesNativeTableView.swift in Sources */,
				B91FD28C7AEC1D1726DD6E98 /* ScheduleSettings.swift in Sources */,
				28774E1A69A7CBA9EC0CEADB /* SettingsView.swift in Sources */,
				84E5F9925C98D1B957960784 /* SyncNotificationManager.swift in Sources */,
				C11C4AA58645E3A2602523DC /* VolumeWatcher.swift in Sources */,
				87138618E08366A3E73ED3D9 /* WallpaperAssignmentStore.swift in Sources */,
				B355BB125C0BFE9298F3C07C /* WallpaperGenerator.swift in Sources */,
				60027E44266234588948DD69 /* WallpaperHistoryPruner.swift in Sources */,
				6174323980834111C7C77097 /* WallpaperScheduler.swift in Sources */,
				8CFDB5D51168C39C9A5EEBCD /* WallpaperSetter.swift in Sources */,
				48B28414D1A6E94259082B12 /* WallpaperTopologyRestorer.swift in Sources */,
			);
			runOnlyForDeploymentPostprocessing = 0;
		};
/* End PBXSourcesBuildPhase section */

/* Begin PBXTargetDependency section */
		941784C2B8E6E5B04CA74833 /* PBXTargetDependency */ = {
			isa = PBXTargetDependency;
			target = D9B056B258DD0ADC060E0F5A /* KindleWall */;
			targetProxy = 12C64FA735EF0E29AAB9D0CF /* PBXContainerItemProxy */;
		};
/* End PBXTargetDependency section */

/* Begin XCBuildConfiguration section */
		146A4C7309113CB43E6C80E6 /* Debug */ = {
			isa = XCBuildConfiguration;
			buildSettings = {
				BUNDLE_LOADER = "$(TEST_HOST)";
				COMBINE_HIDPI_IMAGES = YES;
				GENERATE_INFOPLIST_FILE = YES;
				LD_RUNPATH_SEARCH_PATHS = (
					"$(inherited)",
					"@executable_path/../Frameworks",
					"@loader_path/../Frameworks",
				);
				MACOSX_DEPLOYMENT_TARGET = 13.0;
				PRODUCT_BUNDLE_IDENTIFIER = com.marcuslo.LeafTests;
				SDKROOT = macosx;
				TEST_HOST = "$(BUILT_PRODUCTS_DIR)/KindleWall.app/Contents/MacOS/KindleWall";
			};
			name = Debug;
		};
		4AF4225BFDFE7D18D9906085 /* Release */ = {
			isa = XCBuildConfiguration;
			buildSettings = {
				BUNDLE_LOADER = "$(TEST_HOST)";
				COMBINE_HIDPI_IMAGES = YES;
				GENERATE_INFOPLIST_FILE = YES;
				LD_RUNPATH_SEARCH_PATHS = (
					"$(inherited)",
					"@executable_path/../Frameworks",
					"@loader_path/../Frameworks",
				);
				MACOSX_DEPLOYMENT_TARGET = 13.0;
				PRODUCT_BUNDLE_IDENTIFIER = com.marcuslo.LeafTests;
				SDKROOT = macosx;
				TEST_HOST = "$(BUILT_PRODUCTS_DIR)/KindleWall.app/Contents/MacOS/KindleWall";
			};
			name = Release;
		};
		63DF216E94B2552D09B05C47 /* Debug */ = {
			isa = XCBuildConfiguration;
			buildSettings = {
				ALWAYS_SEARCH_USER_PATHS = NO;
				CLANG_ANALYZER_NONNULL = YES;
				CLANG_ANALYZER_NUMBER_OBJECT_CONVERSION = YES_AGGRESSIVE;
				CLANG_CXX_LANGUAGE_STANDARD = "gnu++14";
				CLANG_CXX_LIBRARY = "libc++";
				CLANG_ENABLE_MODULES = YES;
				CLANG_ENABLE_OBJC_ARC = YES;
				CLANG_ENABLE_OBJC_WEAK = YES;
				CLANG_WARN_BLOCK_CAPTURE_AUTORELEASING = YES;
				CLANG_WARN_BOOL_CONVERSION = YES;
				CLANG_WARN_COMMA = YES;
				CLANG_WARN_CONSTANT_CONVERSION = YES;
				CLANG_WARN_DEPRECATED_OBJC_IMPLEMENTATIONS = YES;
				CLANG_WARN_DIRECT_OBJC_ISA_USAGE = YES_ERROR;
				CLANG_WARN_DOCUMENTATION_COMMENTS = YES;
				CLANG_WARN_EMPTY_BODY = YES;
				CLANG_WARN_ENUM_CONVERSION = YES;
				CLANG_WARN_INFINITE_RECURSION = YES;
				CLANG_WARN_INT_CONVERSION = YES;
				CLANG_WARN_NON_LITERAL_NULL_CONVERSION = YES;
				CLANG_WARN_OBJC_IMPLICIT_RETAIN_SELF = YES;
				CLANG_WARN_OBJC_LITERAL_CONVERSION = YES;
				CLANG_WARN_OBJC_ROOT_CLASS = YES_ERROR;
				CLANG_WARN_QUOTED_INCLUDE_IN_FRAMEWORK_HEADER = YES;
				CLANG_WARN_RANGE_LOOP_ANALYSIS = YES;
				CLANG_WARN_STRICT_PROTOTYPES = YES;
				CLANG_WARN_SUSPICIOUS_MOVE = YES;
				CLANG_WARN_UNGUARDED_AVAILABILITY = YES_AGGRESSIVE;
				CLANG_WARN_UNREACHABLE_CODE = YES;
				CLANG_WARN__DUPLICATE_METHOD_MATCH = YES;
				COPY_PHASE_STRIP = NO;
				DEBUG_INFORMATION_FORMAT = dwarf;
				DEVELOPMENT_TEAM = "";
				ENABLE_STRICT_OBJC_MSGSEND = YES;
				ENABLE_TESTABILITY = YES;
				GCC_C_LANGUAGE_STANDARD = gnu11;
				GCC_DYNAMIC_NO_PIC = NO;
				GCC_NO_COMMON_BLOCKS = YES;
				GCC_OPTIMIZATION_LEVEL = 0;
				GCC_PREPROCESSOR_DEFINITIONS = (
					"$(inherited)",
					"DEBUG=1",
				);
				GCC_WARN_64_TO_32_BIT_CONVERSION = YES;
				GCC_WARN_ABOUT_RETURN_TYPE = YES_ERROR;
				GCC_WARN_UNDECLARED_SELECTOR = YES;
				GCC_WARN_UNINITIALIZED_AUTOS = YES_AGGRESSIVE;
				GCC_WARN_UNUSED_FUNCTION = YES;
				GCC_WARN_UNUSED_VARIABLE = YES;
				MACOSX_DEPLOYMENT_TARGET = 13.0;
				MTL_ENABLE_DEBUG_INFO = INCLUDE_SOURCE;
				MTL_FAST_MATH = YES;
				ONLY_ACTIVE_ARCH = YES;
				PRODUCT_NAME = "$(TARGET_NAME)";
				SDKROOT = macosx;
				SWIFT_ACTIVE_COMPILATION_CONDITIONS = DEBUG;
				SWIFT_OPTIMIZATION_LEVEL = "-Onone";
				SWIFT_VERSION = 5.0;
			};
			name = Debug;
		};
		BCE89F25068DB8C2C14F2864 /* Debug */ = {
			isa = XCBuildConfiguration;
			buildSettings = {
				ASSETCATALOG_COMPILER_APPICON_NAME = AppIcon;
				COMBINE_HIDPI_IMAGES = YES;
				GENERATE_INFOPLIST_FILE = NO;
				INFOPLIST_FILE = App/Info.plist;
				LD_RUNPATH_SEARCH_PATHS = (
					"$(inherited)",
					"@executable_path/../Frameworks",
				);
				MACOSX_DEPLOYMENT_TARGET = 13.0;
				PRODUCT_BUNDLE_IDENTIFIER = com.marcuslo.KindleWall;
				PRODUCT_NAME = KindleWall;
				SDKROOT = macosx;
			};
			name = Debug;
		};
		C66DA4E92F11D2D59E0FE2F6 /* Release */ = {
			isa = XCBuildConfiguration;
			buildSettings = {
				ALWAYS_SEARCH_USER_PATHS = NO;
				CLANG_ANALYZER_NONNULL = YES;
				CLANG_ANALYZER_NUMBER_OBJECT_CONVERSION = YES_AGGRESSIVE;
				CLANG_CXX_LANGUAGE_STANDARD = "gnu++14";
				CLANG_CXX_LIBRARY = "libc++";
				CLANG_ENABLE_MODULES = YES;
				CLANG_ENABLE_OBJC_ARC = YES;
				CLANG_ENABLE_OBJC_WEAK = YES;
				CLANG_WARN_BLOCK_CAPTURE_AUTORELEASING = YES;
				CLANG_WARN_BOOL_CONVERSION = YES;
				CLANG_WARN_COMMA = YES;
				CLANG_WARN_CONSTANT_CONVERSION = YES;
				CLANG_WARN_DEPRECATED_OBJC_IMPLEMENTATIONS = YES;
				CLANG_WARN_DIRECT_OBJC_ISA_USAGE = YES_ERROR;
				CLANG_WARN_DOCUMENTATION_COMMENTS = YES;
				CLANG_WARN_EMPTY_BODY = YES;
				CLANG_WARN_ENUM_CONVERSION = YES;
				CLANG_WARN_INFINITE_RECURSION = YES;
				CLANG_WARN_INT_CONVERSION = YES;
				CLANG_WARN_NON_LITERAL_NULL_CONVERSION = YES;
				CLANG_WARN_OBJC_IMPLICIT_RETAIN_SELF = YES;
				CLANG_WARN_OBJC_LITERAL_CONVERSION = YES;
				CLANG_WARN_OBJC_ROOT_CLASS = YES_ERROR;
				CLANG_WARN_QUOTED_INCLUDE_IN_FRAMEWORK_HEADER = YES;
				CLANG_WARN_RANGE_LOOP_ANALYSIS = YES;
				CLANG_WARN_STRICT_PROTOTYPES = YES;
				CLANG_WARN_SUSPICIOUS_MOVE = YES;
				CLANG_WARN_UNGUARDED_AVAILABILITY = YES_AGGRESSIVE;
				CLANG_WARN_UNREACHABLE_CODE = YES;
				CLANG_WARN__DUPLICATE_METHOD_MATCH = YES;
				COPY_PHASE_STRIP = NO;
				DEBUG_INFORMATION_FORMAT = "dwarf-with-dsym";
				DEVELOPMENT_TEAM = "";
				ENABLE_NS_ASSERTIONS = NO;
				ENABLE_STRICT_OBJC_MSGSEND = YES;
				GCC_C_LANGUAGE_STANDARD = gnu11;
				GCC_NO_COMMON_BLOCKS = YES;
				GCC_WARN_64_TO_32_BIT_CONVERSION = YES;
				GCC_WARN_ABOUT_RETURN_TYPE = YES_ERROR;
				GCC_WARN_UNDECLARED_SELECTOR = YES;
				GCC_WARN_UNINITIALIZED_AUTOS = YES_AGGRESSIVE;
				GCC_WARN_UNUSED_FUNCTION = YES;
				GCC_WARN_UNUSED_VARIABLE = YES;
				MACOSX_DEPLOYMENT_TARGET = 13.0;
				MTL_ENABLE_DEBUG_INFO = NO;
				MTL_FAST_MATH = YES;
				PRODUCT_NAME = "$(TARGET_NAME)";
				SDKROOT = macosx;
				SWIFT_COMPILATION_MODE = wholemodule;
				SWIFT_OPTIMIZATION_LEVEL = "-O";
				SWIFT_VERSION = 5.0;
			};
			name = Release;
		};
		DE53D1C2FBBEE10B71DE6803 /* Release */ = {
			isa = XCBuildConfiguration;
			buildSettings = {
				ASSETCATALOG_COMPILER_APPICON_NAME = AppIcon;
				COMBINE_HIDPI_IMAGES = YES;
				GENERATE_INFOPLIST_FILE = NO;
				INFOPLIST_FILE = App/Info.plist;
				LD_RUNPATH_SEARCH_PATHS = (
					"$(inherited)",
					"@executable_path/../Frameworks",
				);
				MACOSX_DEPLOYMENT_TARGET = 13.0;
				PRODUCT_BUNDLE_IDENTIFIER = com.marcuslo.KindleWall;
				PRODUCT_NAME = KindleWall;
				SDKROOT = macosx;
			};
			name = Release;
		};
/* End XCBuildConfiguration section */

/* Begin XCConfigurationList section */
		943AF8627BA52137C9884D7A /* Build configuration list for PBXNativeTarget "KindleWall" */ = {
			isa = XCConfigurationList;
			buildConfigurations = (
				BCE89F25068DB8C2C14F2864 /* Debug */,
				DE53D1C2FBBEE10B71DE6803 /* Release */,
			);
			defaultConfigurationIsVisible = 0;
			defaultConfigurationName = Debug;
		};
		D1C2A6ADC886326D1DE3E5F0 /* Build configuration list for PBXProject "KindleWall" */ = {
			isa = XCConfigurationList;
			buildConfigurations = (
				63DF216E94B2552D09B05C47 /* Debug */,
				C66DA4E92F11D2D59E0FE2F6 /* Release */,
			);
			defaultConfigurationIsVisible = 0;
			defaultConfigurationName = Debug;
		};
		EFD4B4BA42F281495460B810 /* Build configuration list for PBXNativeTarget "LeafTests" */ = {
			isa = XCConfigurationList;
			buildConfigurations = (
				146A4C7309113CB43E6C80E6 /* Debug */,
				4AF4225BFDFE7D18D9906085 /* Release */,
			);
			defaultConfigurationIsVisible = 0;
			defaultConfigurationName = Debug;
		};
/* End XCConfigurationList section */

/* Begin XCRemoteSwiftPackageReference section */
		242A27530829ABA727C8DB72 /* XCRemoteSwiftPackageReference "GRDB.swift" */ = {
			isa = XCRemoteSwiftPackageReference;
			repositoryURL = "https://github.com/groue/GRDB.swift.git";
			requirement = {
				kind = upToNextMajorVersion;
				minimumVersion = 6.0.0;
			};
		};
/* End XCRemoteSwiftPackageReference section */

/* Begin XCSwiftPackageProductDependency section */
		9551A09A2327039A1281BEA5 /* GRDB */ = {
			isa = XCSwiftPackageProductDependency;
			package = 242A27530829ABA727C8DB72 /* XCRemoteSwiftPackageReference "GRDB.swift" */;
			productName = GRDB;
		};
/* End XCSwiftPackageProductDependency section */
	};
	rootObject = D4F779AA0A26DE43440ECF4E /* Project object */;
}
